// !$*UTF8*$!
{
	archiveVersion = 1;
	classes = {
	};
	objectVersion = 47;
	objects = {

/* Begin PBXBuildFile section */
		3D0DEA662240D1C90011A2E5 /* ObservableCodableStoreProtocol.swift in Sources */ = {isa = PBXBuildFile; fileRef = 3D0DEA652240D1C90011A2E5 /* ObservableCodableStoreProtocol.swift */; };
		3D0DEA672240D1C90011A2E5 /* ObservableCodableStoreProtocol.swift in Sources */ = {isa = PBXBuildFile; fileRef = 3D0DEA652240D1C90011A2E5 /* ObservableCodableStoreProtocol.swift */; };
		3D0DEA682240D1C90011A2E5 /* ObservableCodableStoreProtocol.swift in Sources */ = {isa = PBXBuildFile; fileRef = 3D0DEA652240D1C90011A2E5 /* ObservableCodableStoreProtocol.swift */; };
		3D0DEA692240D1C90011A2E5 /* ObservableCodableStoreProtocol.swift in Sources */ = {isa = PBXBuildFile; fileRef = 3D0DEA652240D1C90011A2E5 /* ObservableCodableStoreProtocol.swift */; };
		3D0DEA6B2240D4920011A2E5 /* CodableStoreObservedChange.swift in Sources */ = {isa = PBXBuildFile; fileRef = 3D0DEA6A2240D4920011A2E5 /* CodableStoreObservedChange.swift */; };
		3D0DEA6C2240D4920011A2E5 /* CodableStoreObservedChange.swift in Sources */ = {isa = PBXBuildFile; fileRef = 3D0DEA6A2240D4920011A2E5 /* CodableStoreObservedChange.swift */; };
		3D0DEA6D2240D4920011A2E5 /* CodableStoreObservedChange.swift in Sources */ = {isa = PBXBuildFile; fileRef = 3D0DEA6A2240D4920011A2E5 /* CodableStoreObservedChange.swift */; };
		3D0DEA6E2240D4920011A2E5 /* CodableStoreObservedChange.swift in Sources */ = {isa = PBXBuildFile; fileRef = 3D0DEA6A2240D4920011A2E5 /* CodableStoreObservedChange.swift */; };
		3D0DEA702240D4A20011A2E5 /* CodableStoreSubscription.swift in Sources */ = {isa = PBXBuildFile; fileRef = 3D0DEA6F2240D4A20011A2E5 /* CodableStoreSubscription.swift */; };
		3D0DEA712240D4A20011A2E5 /* CodableStoreSubscription.swift in Sources */ = {isa = PBXBuildFile; fileRef = 3D0DEA6F2240D4A20011A2E5 /* CodableStoreSubscription.swift */; };
		3D0DEA722240D4A20011A2E5 /* CodableStoreSubscription.swift in Sources */ = {isa = PBXBuildFile; fileRef = 3D0DEA6F2240D4A20011A2E5 /* CodableStoreSubscription.swift */; };
		3D0DEA732240D4A20011A2E5 /* CodableStoreSubscription.swift in Sources */ = {isa = PBXBuildFile; fileRef = 3D0DEA6F2240D4A20011A2E5 /* CodableStoreSubscription.swift */; };
		3D0DEA752240D5AC0011A2E5 /* ObservableCodableStore.swift in Sources */ = {isa = PBXBuildFile; fileRef = 3D0DEA742240D5AC0011A2E5 /* ObservableCodableStore.swift */; };
		3D0DEA762240D5AC0011A2E5 /* ObservableCodableStore.swift in Sources */ = {isa = PBXBuildFile; fileRef = 3D0DEA742240D5AC0011A2E5 /* ObservableCodableStore.swift */; };
		3D0DEA772240D5AC0011A2E5 /* ObservableCodableStore.swift in Sources */ = {isa = PBXBuildFile; fileRef = 3D0DEA742240D5AC0011A2E5 /* ObservableCodableStore.swift */; };
		3D0DEA782240D5AC0011A2E5 /* ObservableCodableStore.swift in Sources */ = {isa = PBXBuildFile; fileRef = 3D0DEA742240D5AC0011A2E5 /* ObservableCodableStore.swift */; };
		3D0DEA7A2240D7870011A2E5 /* CodableStoreSubscriptionBag.swift in Sources */ = {isa = PBXBuildFile; fileRef = 3D0DEA792240D7870011A2E5 /* CodableStoreSubscriptionBag.swift */; };
		3D0DEA7B2240D7870011A2E5 /* CodableStoreSubscriptionBag.swift in Sources */ = {isa = PBXBuildFile; fileRef = 3D0DEA792240D7870011A2E5 /* CodableStoreSubscriptionBag.swift */; };
		3D0DEA7C2240D7870011A2E5 /* CodableStoreSubscriptionBag.swift in Sources */ = {isa = PBXBuildFile; fileRef = 3D0DEA792240D7870011A2E5 /* CodableStoreSubscriptionBag.swift */; };
		3D0DEA7D2240D7870011A2E5 /* CodableStoreSubscriptionBag.swift in Sources */ = {isa = PBXBuildFile; fileRef = 3D0DEA792240D7870011A2E5 /* CodableStoreSubscriptionBag.swift */; };
		3D0DEA802240DD180011A2E5 /* Locked.swift in Sources */ = {isa = PBXBuildFile; fileRef = 3D0DEA7F2240DD180011A2E5 /* Locked.swift */; };
		3D0DEA812240DD180011A2E5 /* Locked.swift in Sources */ = {isa = PBXBuildFile; fileRef = 3D0DEA7F2240DD180011A2E5 /* Locked.swift */; };
		3D0DEA822240DD180011A2E5 /* Locked.swift in Sources */ = {isa = PBXBuildFile; fileRef = 3D0DEA7F2240DD180011A2E5 /* Locked.swift */; };
		3D0DEA832240DD180011A2E5 /* Locked.swift in Sources */ = {isa = PBXBuildFile; fileRef = 3D0DEA7F2240DD180011A2E5 /* Locked.swift */; };
		3D0DEA8F2240F7FD0011A2E5 /* CodableStoreViewController.swift in Sources */ = {isa = PBXBuildFile; fileRef = 3D0DEA8E2240F7FD0011A2E5 /* CodableStoreViewController.swift */; };
		3D0DEA902240F7FD0011A2E5 /* CodableStoreViewController.swift in Sources */ = {isa = PBXBuildFile; fileRef = 3D0DEA8E2240F7FD0011A2E5 /* CodableStoreViewController.swift */; };
		3D0DEA912240F7FD0011A2E5 /* CodableStoreViewController.swift in Sources */ = {isa = PBXBuildFile; fileRef = 3D0DEA8E2240F7FD0011A2E5 /* CodableStoreViewController.swift */; };
		3D0DEA922240F7FD0011A2E5 /* CodableStoreViewController.swift in Sources */ = {isa = PBXBuildFile; fileRef = 3D0DEA8E2240F7FD0011A2E5 /* CodableStoreViewController.swift */; };
		3D0DEA94224100080011A2E5 /* User.swift in Sources */ = {isa = PBXBuildFile; fileRef = 3D0DEA93224100080011A2E5 /* User.swift */; };
		3D0DEA96224104E70011A2E5 /* CodableStorable+Identifier.swift in Sources */ = {isa = PBXBuildFile; fileRef = 3D0DEA95224104E70011A2E5 /* CodableStorable+Identifier.swift */; };
		3D0DEA97224104E70011A2E5 /* CodableStorable+Identifier.swift in Sources */ = {isa = PBXBuildFile; fileRef = 3D0DEA95224104E70011A2E5 /* CodableStorable+Identifier.swift */; };
		3D0DEA98224104E70011A2E5 /* CodableStorable+Identifier.swift in Sources */ = {isa = PBXBuildFile; fileRef = 3D0DEA95224104E70011A2E5 /* CodableStorable+Identifier.swift */; };
		3D0DEA99224104E70011A2E5 /* CodableStorable+Identifier.swift in Sources */ = {isa = PBXBuildFile; fileRef = 3D0DEA95224104E70011A2E5 /* CodableStorable+Identifier.swift */; };
		3DA06C7822401CEF00BD07FD /* CodableStoreable.swift in Sources */ = {isa = PBXBuildFile; fileRef = 3DA06C7722401CEF00BD07FD /* CodableStoreable.swift */; };
		3DA06C7922401CEF00BD07FD /* CodableStoreable.swift in Sources */ = {isa = PBXBuildFile; fileRef = 3DA06C7722401CEF00BD07FD /* CodableStoreable.swift */; };
		3DA06C7A22401CEF00BD07FD /* CodableStoreable.swift in Sources */ = {isa = PBXBuildFile; fileRef = 3DA06C7722401CEF00BD07FD /* CodableStoreable.swift */; };
		3DA06C7B22401CEF00BD07FD /* CodableStoreable.swift in Sources */ = {isa = PBXBuildFile; fileRef = 3DA06C7722401CEF00BD07FD /* CodableStoreable.swift */; };
		3DA06C7D22401D2A00BD07FD /* StringRepresentable.swift in Sources */ = {isa = PBXBuildFile; fileRef = 3DA06C7C22401D2A00BD07FD /* StringRepresentable.swift */; };
		3DA06C7E22401D2B00BD07FD /* StringRepresentable.swift in Sources */ = {isa = PBXBuildFile; fileRef = 3DA06C7C22401D2A00BD07FD /* StringRepresentable.swift */; };
		3DA06C7F22401D2B00BD07FD /* StringRepresentable.swift in Sources */ = {isa = PBXBuildFile; fileRef = 3DA06C7C22401D2A00BD07FD /* StringRepresentable.swift */; };
		3DA06C8022401D2B00BD07FD /* StringRepresentable.swift in Sources */ = {isa = PBXBuildFile; fileRef = 3DA06C7C22401D2A00BD07FD /* StringRepresentable.swift */; };
		3DA06C8422401E8800BD07FD /* CodableStoreContainer.swift in Sources */ = {isa = PBXBuildFile; fileRef = 3DA06C8322401E8800BD07FD /* CodableStoreContainer.swift */; };
		3DA06C8522401E8800BD07FD /* CodableStoreContainer.swift in Sources */ = {isa = PBXBuildFile; fileRef = 3DA06C8322401E8800BD07FD /* CodableStoreContainer.swift */; };
		3DA06C8622401E8800BD07FD /* CodableStoreContainer.swift in Sources */ = {isa = PBXBuildFile; fileRef = 3DA06C8322401E8800BD07FD /* CodableStoreContainer.swift */; };
		3DA06C8722401E8800BD07FD /* CodableStoreContainer.swift in Sources */ = {isa = PBXBuildFile; fileRef = 3DA06C8322401E8800BD07FD /* CodableStoreContainer.swift */; };
		3DA06C8A22401EEB00BD07FD /* CodableStoreEngine.swift in Sources */ = {isa = PBXBuildFile; fileRef = 3DA06C8922401EEB00BD07FD /* CodableStoreEngine.swift */; };
		3DA06C8B22401EEB00BD07FD /* CodableStoreEngine.swift in Sources */ = {isa = PBXBuildFile; fileRef = 3DA06C8922401EEB00BD07FD /* CodableStoreEngine.swift */; };
		3DA06C8C22401EEB00BD07FD /* CodableStoreEngine.swift in Sources */ = {isa = PBXBuildFile; fileRef = 3DA06C8922401EEB00BD07FD /* CodableStoreEngine.swift */; };
		3DA06C8D22401EEB00BD07FD /* CodableStoreEngine.swift in Sources */ = {isa = PBXBuildFile; fileRef = 3DA06C8922401EEB00BD07FD /* CodableStoreEngine.swift */; };
		3DA06C8F224022B300BD07FD /* CodableStore.swift in Sources */ = {isa = PBXBuildFile; fileRef = 3DA06C8E224022B300BD07FD /* CodableStore.swift */; };
		3DA06C90224022B300BD07FD /* CodableStore.swift in Sources */ = {isa = PBXBuildFile; fileRef = 3DA06C8E224022B300BD07FD /* CodableStore.swift */; };
		3DA06C91224022B300BD07FD /* CodableStore.swift in Sources */ = {isa = PBXBuildFile; fileRef = 3DA06C8E224022B300BD07FD /* CodableStore.swift */; };
		3DA06C92224022B300BD07FD /* CodableStore.swift in Sources */ = {isa = PBXBuildFile; fileRef = 3DA06C8E224022B300BD07FD /* CodableStore.swift */; };
		3DA06C99224024BF00BD07FD /* SaveableCodableStoreProtocol.swift in Sources */ = {isa = PBXBuildFile; fileRef = 3DA06C98224024BF00BD07FD /* SaveableCodableStoreProtocol.swift */; };
		3DA06C9A224024BF00BD07FD /* SaveableCodableStoreProtocol.swift in Sources */ = {isa = PBXBuildFile; fileRef = 3DA06C98224024BF00BD07FD /* SaveableCodableStoreProtocol.swift */; };
		3DA06C9B224024BF00BD07FD /* SaveableCodableStoreProtocol.swift in Sources */ = {isa = PBXBuildFile; fileRef = 3DA06C98224024BF00BD07FD /* SaveableCodableStoreProtocol.swift */; };
		3DA06C9C224024BF00BD07FD /* SaveableCodableStoreProtocol.swift in Sources */ = {isa = PBXBuildFile; fileRef = 3DA06C98224024BF00BD07FD /* SaveableCodableStoreProtocol.swift */; };
		3DA06C9E224024DB00BD07FD /* DeletableCodableStoreProtocol.swift in Sources */ = {isa = PBXBuildFile; fileRef = 3DA06C9D224024DB00BD07FD /* DeletableCodableStoreProtocol.swift */; };
		3DA06C9F224024DB00BD07FD /* DeletableCodableStoreProtocol.swift in Sources */ = {isa = PBXBuildFile; fileRef = 3DA06C9D224024DB00BD07FD /* DeletableCodableStoreProtocol.swift */; };
		3DA06CA0224024DB00BD07FD /* DeletableCodableStoreProtocol.swift in Sources */ = {isa = PBXBuildFile; fileRef = 3DA06C9D224024DB00BD07FD /* DeletableCodableStoreProtocol.swift */; };
		3DA06CA1224024DB00BD07FD /* DeletableCodableStoreProtocol.swift in Sources */ = {isa = PBXBuildFile; fileRef = 3DA06C9D224024DB00BD07FD /* DeletableCodableStoreProtocol.swift */; };
		3DA06CA3224024F500BD07FD /* ReadableCodableStoreProtocol.swift in Sources */ = {isa = PBXBuildFile; fileRef = 3DA06CA2224024F500BD07FD /* ReadableCodableStoreProtocol.swift */; };
		3DA06CA4224024F500BD07FD /* ReadableCodableStoreProtocol.swift in Sources */ = {isa = PBXBuildFile; fileRef = 3DA06CA2224024F500BD07FD /* ReadableCodableStoreProtocol.swift */; };
		3DA06CA5224024F500BD07FD /* ReadableCodableStoreProtocol.swift in Sources */ = {isa = PBXBuildFile; fileRef = 3DA06CA2224024F500BD07FD /* ReadableCodableStoreProtocol.swift */; };
		3DA06CA6224024F500BD07FD /* ReadableCodableStoreProtocol.swift in Sources */ = {isa = PBXBuildFile; fileRef = 3DA06CA2224024F500BD07FD /* ReadableCodableStoreProtocol.swift */; };
		3DA06CAE22402CA400BD07FD /* InMemoryCodableStoreEngine.swift in Sources */ = {isa = PBXBuildFile; fileRef = 3DA06CAD22402CA400BD07FD /* InMemoryCodableStoreEngine.swift */; };
		3DA06CAF22402CA400BD07FD /* InMemoryCodableStoreEngine.swift in Sources */ = {isa = PBXBuildFile; fileRef = 3DA06CAD22402CA400BD07FD /* InMemoryCodableStoreEngine.swift */; };
		3DA06CB022402CA400BD07FD /* InMemoryCodableStoreEngine.swift in Sources */ = {isa = PBXBuildFile; fileRef = 3DA06CAD22402CA400BD07FD /* InMemoryCodableStoreEngine.swift */; };
		3DA06CB122402CA400BD07FD /* InMemoryCodableStoreEngine.swift in Sources */ = {isa = PBXBuildFile; fileRef = 3DA06CAD22402CA400BD07FD /* InMemoryCodableStoreEngine.swift */; };
		3DA06CB42240304200BD07FD /* CodableStoreManager.swift in Sources */ = {isa = PBXBuildFile; fileRef = 3DA06CB32240304200BD07FD /* CodableStoreManager.swift */; };
		3DA06CB52240304200BD07FD /* CodableStoreManager.swift in Sources */ = {isa = PBXBuildFile; fileRef = 3DA06CB32240304200BD07FD /* CodableStoreManager.swift */; };
		3DA06CB62240304200BD07FD /* CodableStoreManager.swift in Sources */ = {isa = PBXBuildFile; fileRef = 3DA06CB32240304200BD07FD /* CodableStoreManager.swift */; };
		3DA06CB72240304200BD07FD /* CodableStoreManager.swift in Sources */ = {isa = PBXBuildFile; fileRef = 3DA06CB32240304200BD07FD /* CodableStoreManager.swift */; };
		3DA06CBF224031F200BD07FD /* AppDelegate.swift in Sources */ = {isa = PBXBuildFile; fileRef = 3DA06CBE224031F200BD07FD /* AppDelegate.swift */; };
		3DA06CC1224031F200BD07FD /* ViewController.swift in Sources */ = {isa = PBXBuildFile; fileRef = 3DA06CC0224031F200BD07FD /* ViewController.swift */; };
		3DA06CC6224031F300BD07FD /* Assets.xcassets in Resources */ = {isa = PBXBuildFile; fileRef = 3DA06CC5224031F300BD07FD /* Assets.xcassets */; };
		3DA06CC9224031F300BD07FD /* LaunchScreen.storyboard in Resources */ = {isa = PBXBuildFile; fileRef = 3DA06CC7224031F300BD07FD /* LaunchScreen.storyboard */; };
		3DA06CCE224031FE00BD07FD /* CodableStoreKit.framework in Frameworks */ = {isa = PBXBuildFile; fileRef = 52D6D97C1BEFF229002C0205 /* CodableStoreKit.framework */; };
		3DA06CCF224031FE00BD07FD /* CodableStoreKit.framework in Embed Frameworks */ = {isa = PBXBuildFile; fileRef = 52D6D97C1BEFF229002C0205 /* CodableStoreKit.framework */; settings = {ATTRIBUTES = (CodeSignOnCopy, RemoveHeadersOnCopy, ); }; };
		3DA06CD4224032AE00BD07FD /* CodableStoreEngineError.swift in Sources */ = {isa = PBXBuildFile; fileRef = 3DA06CD3224032AE00BD07FD /* CodableStoreEngineError.swift */; };
		3DA06CD5224032AE00BD07FD /* CodableStoreEngineError.swift in Sources */ = {isa = PBXBuildFile; fileRef = 3DA06CD3224032AE00BD07FD /* CodableStoreEngineError.swift */; };
		3DA06CD6224032AE00BD07FD /* CodableStoreEngineError.swift in Sources */ = {isa = PBXBuildFile; fileRef = 3DA06CD3224032AE00BD07FD /* CodableStoreEngineError.swift */; };
		3DA06CD7224032AE00BD07FD /* CodableStoreEngineError.swift in Sources */ = {isa = PBXBuildFile; fileRef = 3DA06CD3224032AE00BD07FD /* CodableStoreEngineError.swift */; };
		3DA06CDC224033CA00BD07FD /* ReadableCodableStore.swift in Sources */ = {isa = PBXBuildFile; fileRef = 3DA06CDB224033CA00BD07FD /* ReadableCodableStore.swift */; };
		3DA06CDD224033CA00BD07FD /* ReadableCodableStore.swift in Sources */ = {isa = PBXBuildFile; fileRef = 3DA06CDB224033CA00BD07FD /* ReadableCodableStore.swift */; };
		3DA06CDE224033CA00BD07FD /* ReadableCodableStore.swift in Sources */ = {isa = PBXBuildFile; fileRef = 3DA06CDB224033CA00BD07FD /* ReadableCodableStore.swift */; };
		3DA06CDF224033CA00BD07FD /* ReadableCodableStore.swift in Sources */ = {isa = PBXBuildFile; fileRef = 3DA06CDB224033CA00BD07FD /* ReadableCodableStore.swift */; };
		3DA06CE12240352F00BD07FD /* DeletableCodableStore.swift in Sources */ = {isa = PBXBuildFile; fileRef = 3DA06CE02240352F00BD07FD /* DeletableCodableStore.swift */; };
		3DA06CE22240352F00BD07FD /* DeletableCodableStore.swift in Sources */ = {isa = PBXBuildFile; fileRef = 3DA06CE02240352F00BD07FD /* DeletableCodableStore.swift */; };
		3DA06CE32240352F00BD07FD /* DeletableCodableStore.swift in Sources */ = {isa = PBXBuildFile; fileRef = 3DA06CE02240352F00BD07FD /* DeletableCodableStore.swift */; };
		3DA06CE42240352F00BD07FD /* DeletableCodableStore.swift in Sources */ = {isa = PBXBuildFile; fileRef = 3DA06CE02240352F00BD07FD /* DeletableCodableStore.swift */; };
		3DA06CE6224035C500BD07FD /* SaveableCodableStore.swift in Sources */ = {isa = PBXBuildFile; fileRef = 3DA06CE5224035C500BD07FD /* SaveableCodableStore.swift */; };
		3DA06CE7224035C500BD07FD /* SaveableCodableStore.swift in Sources */ = {isa = PBXBuildFile; fileRef = 3DA06CE5224035C500BD07FD /* SaveableCodableStore.swift */; };
		3DA06CE8224035C500BD07FD /* SaveableCodableStore.swift in Sources */ = {isa = PBXBuildFile; fileRef = 3DA06CE5224035C500BD07FD /* SaveableCodableStore.swift */; };
		3DA06CE9224035C500BD07FD /* SaveableCodableStore.swift in Sources */ = {isa = PBXBuildFile; fileRef = 3DA06CE5224035C500BD07FD /* SaveableCodableStore.swift */; };
		3DA06CEB224038E600BD07FD /* FileManagerCodableStoreEngine.swift in Sources */ = {isa = PBXBuildFile; fileRef = 3DA06CEA224038E600BD07FD /* FileManagerCodableStoreEngine.swift */; };
		3DA06CEC224038E600BD07FD /* FileManagerCodableStoreEngine.swift in Sources */ = {isa = PBXBuildFile; fileRef = 3DA06CEA224038E600BD07FD /* FileManagerCodableStoreEngine.swift */; };
		3DA06CED224038E600BD07FD /* FileManagerCodableStoreEngine.swift in Sources */ = {isa = PBXBuildFile; fileRef = 3DA06CEA224038E600BD07FD /* FileManagerCodableStoreEngine.swift */; };
		3DA06CEE224038E600BD07FD /* FileManagerCodableStoreEngine.swift in Sources */ = {isa = PBXBuildFile; fileRef = 3DA06CEA224038E600BD07FD /* FileManagerCodableStoreEngine.swift */; };
		3DA06CF1224039FD00BD07FD /* FileManagerCodableStoreEngineCoder.swift in Sources */ = {isa = PBXBuildFile; fileRef = 3DA06CF0224039FD00BD07FD /* FileManagerCodableStoreEngineCoder.swift */; };
		3DA06CF2224039FD00BD07FD /* FileManagerCodableStoreEngineCoder.swift in Sources */ = {isa = PBXBuildFile; fileRef = 3DA06CF0224039FD00BD07FD /* FileManagerCodableStoreEngineCoder.swift */; };
		3DA06CF3224039FD00BD07FD /* FileManagerCodableStoreEngineCoder.swift in Sources */ = {isa = PBXBuildFile; fileRef = 3DA06CF0224039FD00BD07FD /* FileManagerCodableStoreEngineCoder.swift */; };
		3DA06CF4224039FD00BD07FD /* FileManagerCodableStoreEngineCoder.swift in Sources */ = {isa = PBXBuildFile; fileRef = 3DA06CF0224039FD00BD07FD /* FileManagerCodableStoreEngineCoder.swift */; };
		52D6D9871BEFF229002C0205 /* CodableStoreKit.framework in Frameworks */ = {isa = PBXBuildFile; fileRef = 52D6D97C1BEFF229002C0205 /* CodableStoreKit.framework */; };
		8933C78E1EB5B82C000D00A4 /* CodableStoreKitTests.swift in Sources */ = {isa = PBXBuildFile; fileRef = 8933C7891EB5B82A000D00A4 /* CodableStoreKitTests.swift */; };
		8933C78F1EB5B82C000D00A4 /* CodableStoreKitTests.swift in Sources */ = {isa = PBXBuildFile; fileRef = 8933C7891EB5B82A000D00A4 /* CodableStoreKitTests.swift */; };
		8933C7901EB5B82D000D00A4 /* CodableStoreKitTests.swift in Sources */ = {isa = PBXBuildFile; fileRef = 8933C7891EB5B82A000D00A4 /* CodableStoreKitTests.swift */; };
		DD7502881C68FEDE006590AF /* CodableStoreKit.framework in Frameworks */ = {isa = PBXBuildFile; fileRef = 52D6DA0F1BF000BD002C0205 /* CodableStoreKit.framework */; };
		DD7502921C690C7A006590AF /* CodableStoreKit.framework in Frameworks */ = {isa = PBXBuildFile; fileRef = 52D6D9F01BEFFFBE002C0205 /* CodableStoreKit.framework */; };
/* End PBXBuildFile section */

/* Begin PBXContainerItemProxy section */
		3DA06CD0224031FE00BD07FD /* PBXContainerItemProxy */ = {
			isa = PBXContainerItemProxy;
			containerPortal = 52D6D9731BEFF229002C0205 /* Project object */;
			proxyType = 1;
			remoteGlobalIDString = 52D6D97B1BEFF229002C0205;
			remoteInfo = "CodableStoreKit-iOS";
		};
		52D6D9881BEFF229002C0205 /* PBXContainerItemProxy */ = {
			isa = PBXContainerItemProxy;
			containerPortal = 52D6D9731BEFF229002C0205 /* Project object */;
			proxyType = 1;
			remoteGlobalIDString = 52D6D97B1BEFF229002C0205;
			remoteInfo = CodableStoreKit;
		};
		DD7502801C68FCFC006590AF /* PBXContainerItemProxy */ = {
			isa = PBXContainerItemProxy;
			containerPortal = 52D6D9731BEFF229002C0205 /* Project object */;
			proxyType = 1;
			remoteGlobalIDString = 52D6DA0E1BF000BD002C0205;
			remoteInfo = "CodableStoreKit-macOS";
		};
		DD7502931C690C7A006590AF /* PBXContainerItemProxy */ = {
			isa = PBXContainerItemProxy;
			containerPortal = 52D6D9731BEFF229002C0205 /* Project object */;
			proxyType = 1;
			remoteGlobalIDString = 52D6D9EF1BEFFFBE002C0205;
			remoteInfo = "CodableStoreKit-tvOS";
		};
/* End PBXContainerItemProxy section */

/* Begin PBXCopyFilesBuildPhase section */
		3DA06CD2224031FF00BD07FD /* Embed Frameworks */ = {
			isa = PBXCopyFilesBuildPhase;
			buildActionMask = 2147483647;
			dstPath = "";
			dstSubfolderSpec = 10;
			files = (
				3DA06CCF224031FE00BD07FD /* CodableStoreKit.framework in Embed Frameworks */,
			);
			name = "Embed Frameworks";
			runOnlyForDeploymentPostprocessing = 0;
		};
/* End PBXCopyFilesBuildPhase section */

/* Begin PBXFileReference section */
		3D0DEA592240CEE10011A2E5 /* .swiftlint.yml */ = {isa = PBXFileReference; lastKnownFileType = text; path = .swiftlint.yml; sourceTree = SOURCE_ROOT; };
		3D0DEA5A2240CEE20011A2E5 /* Package.swift */ = {isa = PBXFileReference; lastKnownFileType = sourcecode.swift; path = Package.swift; sourceTree = SOURCE_ROOT; };
		3D0DEA5B2240CEE20011A2E5 /* .gitignore */ = {isa = PBXFileReference; lastKnownFileType = text; path = .gitignore; sourceTree = SOURCE_ROOT; };
		3D0DEA5C2240CEE20011A2E5 /* LICENSE */ = {isa = PBXFileReference; lastKnownFileType = text; path = LICENSE; sourceTree = SOURCE_ROOT; };
		3D0DEA5D2240CEE20011A2E5 /* .swift-version */ = {isa = PBXFileReference; lastKnownFileType = text; path = ".swift-version"; sourceTree = SOURCE_ROOT; };
		3D0DEA5E2240CEE20011A2E5 /* .jazzy.yaml */ = {isa = PBXFileReference; lastKnownFileType = text; path = .jazzy.yaml; sourceTree = SOURCE_ROOT; };
		3D0DEA5F2240CEE20011A2E5 /* README.md */ = {isa = PBXFileReference; lastKnownFileType = net.daringfireball.markdown; path = README.md; sourceTree = SOURCE_ROOT; };
		3D0DEA602240CEE20011A2E5 /* .codeclimate.yml */ = {isa = PBXFileReference; lastKnownFileType = text; path = .codeclimate.yml; sourceTree = SOURCE_ROOT; };
		3D0DEA612240CEE20011A2E5 /* CodableStoreKit.podspec */ = {isa = PBXFileReference; lastKnownFileType = text; path = CodableStoreKit.podspec; sourceTree = SOURCE_ROOT; };
		3D0DEA632240D0410011A2E5 /* Fastfile */ = {isa = PBXFileReference; lastKnownFileType = text; name = Fastfile; path = fastlane/Fastfile; sourceTree = SOURCE_ROOT; };
		3D0DEA652240D1C90011A2E5 /* ObservableCodableStoreProtocol.swift */ = {isa = PBXFileReference; lastKnownFileType = sourcecode.swift; path = ObservableCodableStoreProtocol.swift; sourceTree = "<group>"; };
		3D0DEA6A2240D4920011A2E5 /* CodableStoreObservedChange.swift */ = {isa = PBXFileReference; lastKnownFileType = sourcecode.swift; path = CodableStoreObservedChange.swift; sourceTree = "<group>"; };
		3D0DEA6F2240D4A20011A2E5 /* CodableStoreSubscription.swift */ = {isa = PBXFileReference; lastKnownFileType = sourcecode.swift; path = CodableStoreSubscription.swift; sourceTree = "<group>"; };
		3D0DEA742240D5AC0011A2E5 /* ObservableCodableStore.swift */ = {isa = PBXFileReference; lastKnownFileType = sourcecode.swift; path = ObservableCodableStore.swift; sourceTree = "<group>"; };
		3D0DEA792240D7870011A2E5 /* CodableStoreSubscriptionBag.swift */ = {isa = PBXFileReference; lastKnownFileType = sourcecode.swift; path = CodableStoreSubscriptionBag.swift; sourceTree = "<group>"; };
		3D0DEA7F2240DD180011A2E5 /* Locked.swift */ = {isa = PBXFileReference; lastKnownFileType = sourcecode.swift; path = Locked.swift; sourceTree = "<group>"; };
		3D0DEA8E2240F7FD0011A2E5 /* CodableStoreViewController.swift */ = {isa = PBXFileReference; lastKnownFileType = sourcecode.swift; path = CodableStoreViewController.swift; sourceTree = "<group>"; };
		3D0DEA93224100080011A2E5 /* User.swift */ = {isa = PBXFileReference; lastKnownFileType = sourcecode.swift; path = User.swift; sourceTree = "<group>"; };
		3D0DEA95224104E70011A2E5 /* CodableStorable+Identifier.swift */ = {isa = PBXFileReference; lastKnownFileType = sourcecode.swift; path = "CodableStorable+Identifier.swift"; sourceTree = "<group>"; };
		3DA06C7722401CEF00BD07FD /* CodableStoreable.swift */ = {isa = PBXFileReference; lastKnownFileType = sourcecode.swift; path = CodableStoreable.swift; sourceTree = "<group>"; };
		3DA06C7C22401D2A00BD07FD /* StringRepresentable.swift */ = {isa = PBXFileReference; lastKnownFileType = sourcecode.swift; path = StringRepresentable.swift; sourceTree = "<group>"; };
		3DA06C8322401E8800BD07FD /* CodableStoreContainer.swift */ = {isa = PBXFileReference; lastKnownFileType = sourcecode.swift; path = CodableStoreContainer.swift; sourceTree = "<group>"; };
		3DA06C8922401EEB00BD07FD /* CodableStoreEngine.swift */ = {isa = PBXFileReference; lastKnownFileType = sourcecode.swift; path = CodableStoreEngine.swift; sourceTree = "<group>"; };
		3DA06C8E224022B300BD07FD /* CodableStore.swift */ = {isa = PBXFileReference; lastKnownFileType = sourcecode.swift; path = CodableStore.swift; sourceTree = "<group>"; };
		3DA06C98224024BF00BD07FD /* SaveableCodableStoreProtocol.swift */ = {isa = PBXFileReference; lastKnownFileType = sourcecode.swift; path = SaveableCodableStoreProtocol.swift; sourceTree = "<group>"; };
		3DA06C9D224024DB00BD07FD /* DeletableCodableStoreProtocol.swift */ = {isa = PBXFileReference; lastKnownFileType = sourcecode.swift; path = DeletableCodableStoreProtocol.swift; sourceTree = "<group>"; };
		3DA06CA2224024F500BD07FD /* ReadableCodableStoreProtocol.swift */ = {isa = PBXFileReference; lastKnownFileType = sourcecode.swift; path = ReadableCodableStoreProtocol.swift; sourceTree = "<group>"; };
		3DA06CAD22402CA400BD07FD /* InMemoryCodableStoreEngine.swift */ = {isa = PBXFileReference; lastKnownFileType = sourcecode.swift; path = InMemoryCodableStoreEngine.swift; sourceTree = "<group>"; };
		3DA06CB32240304200BD07FD /* CodableStoreManager.swift */ = {isa = PBXFileReference; lastKnownFileType = sourcecode.swift; path = CodableStoreManager.swift; sourceTree = "<group>"; };
		3DA06CBC224031F200BD07FD /* Example.app */ = {isa = PBXFileReference; explicitFileType = wrapper.application; includeInIndex = 0; path = Example.app; sourceTree = BUILT_PRODUCTS_DIR; };
		3DA06CBE224031F200BD07FD /* AppDelegate.swift */ = {isa = PBXFileReference; lastKnownFileType = sourcecode.swift; path = AppDelegate.swift; sourceTree = "<group>"; };
		3DA06CC0224031F200BD07FD /* ViewController.swift */ = {isa = PBXFileReference; lastKnownFileType = sourcecode.swift; path = ViewController.swift; sourceTree = "<group>"; };
		3DA06CC5224031F300BD07FD /* Assets.xcassets */ = {isa = PBXFileReference; lastKnownFileType = folder.assetcatalog; path = Assets.xcassets; sourceTree = "<group>"; };
		3DA06CC8224031F300BD07FD /* Base */ = {isa = PBXFileReference; lastKnownFileType = file.storyboard; name = Base; path = Base.lproj/LaunchScreen.storyboard; sourceTree = "<group>"; };
		3DA06CCA224031F300BD07FD /* Info.plist */ = {isa = PBXFileReference; lastKnownFileType = text.plist.xml; path = Info.plist; sourceTree = "<group>"; };
		3DA06CD3224032AE00BD07FD /* CodableStoreEngineError.swift */ = {isa = PBXFileReference; lastKnownFileType = sourcecode.swift; path = CodableStoreEngineError.swift; sourceTree = "<group>"; };
		3DA06CDB224033CA00BD07FD /* ReadableCodableStore.swift */ = {isa = PBXFileReference; lastKnownFileType = sourcecode.swift; path = ReadableCodableStore.swift; sourceTree = "<group>"; };
		3DA06CE02240352F00BD07FD /* DeletableCodableStore.swift */ = {isa = PBXFileReference; lastKnownFileType = sourcecode.swift; path = DeletableCodableStore.swift; sourceTree = "<group>"; };
		3DA06CE5224035C500BD07FD /* SaveableCodableStore.swift */ = {isa = PBXFileReference; lastKnownFileType = sourcecode.swift; path = SaveableCodableStore.swift; sourceTree = "<group>"; };
		3DA06CEA224038E600BD07FD /* FileManagerCodableStoreEngine.swift */ = {isa = PBXFileReference; lastKnownFileType = sourcecode.swift; path = FileManagerCodableStoreEngine.swift; sourceTree = "<group>"; };
		3DA06CF0224039FD00BD07FD /* FileManagerCodableStoreEngineCoder.swift */ = {isa = PBXFileReference; lastKnownFileType = sourcecode.swift; path = FileManagerCodableStoreEngineCoder.swift; sourceTree = "<group>"; };
		52D6D97C1BEFF229002C0205 /* CodableStoreKit.framework */ = {isa = PBXFileReference; explicitFileType = wrapper.framework; includeInIndex = 0; path = CodableStoreKit.framework; sourceTree = BUILT_PRODUCTS_DIR; };
		52D6D9861BEFF229002C0205 /* CodableStoreKit-iOS Tests.xctest */ = {isa = PBXFileReference; explicitFileType = wrapper.cfbundle; includeInIndex = 0; path = "CodableStoreKit-iOS Tests.xctest"; sourceTree = BUILT_PRODUCTS_DIR; };
		52D6D9E21BEFFF6E002C0205 /* CodableStoreKit.framework */ = {isa = PBXFileReference; explicitFileType = wrapper.framework; includeInIndex = 0; path = CodableStoreKit.framework; sourceTree = BUILT_PRODUCTS_DIR; };
		52D6D9F01BEFFFBE002C0205 /* CodableStoreKit.framework */ = {isa = PBXFileReference; explicitFileType = wrapper.framework; includeInIndex = 0; path = CodableStoreKit.framework; sourceTree = BUILT_PRODUCTS_DIR; };
		52D6DA0F1BF000BD002C0205 /* CodableStoreKit.framework */ = {isa = PBXFileReference; explicitFileType = wrapper.framework; includeInIndex = 0; path = CodableStoreKit.framework; sourceTree = BUILT_PRODUCTS_DIR; };
		8933C7891EB5B82A000D00A4 /* CodableStoreKitTests.swift */ = {isa = PBXFileReference; fileEncoding = 4; lastKnownFileType = sourcecode.swift; path = CodableStoreKitTests.swift; sourceTree = "<group>"; };
		AD2FAA261CD0B6D800659CF4 /* CodableStoreKit.plist */ = {isa = PBXFileReference; fileEncoding = 4; lastKnownFileType = text.plist.xml; path = CodableStoreKit.plist; sourceTree = "<group>"; };
		AD2FAA281CD0B6E100659CF4 /* CodableStoreKitTests.plist */ = {isa = PBXFileReference; fileEncoding = 4; lastKnownFileType = text.plist.xml; path = CodableStoreKitTests.plist; sourceTree = "<group>"; };
		DD75027A1C68FCFC006590AF /* CodableStoreKit-macOS Tests.xctest */ = {isa = PBXFileReference; explicitFileType = wrapper.cfbundle; includeInIndex = 0; path = "CodableStoreKit-macOS Tests.xctest"; sourceTree = BUILT_PRODUCTS_DIR; };
		DD75028D1C690C7A006590AF /* CodableStoreKit-tvOS Tests.xctest */ = {isa = PBXFileReference; explicitFileType = wrapper.cfbundle; includeInIndex = 0; path = "CodableStoreKit-tvOS Tests.xctest"; sourceTree = BUILT_PRODUCTS_DIR; };
/* End PBXFileReference section */

/* Begin PBXFrameworksBuildPhase section */
		3DA06CB9224031F200BD07FD /* Frameworks */ = {
			isa = PBXFrameworksBuildPhase;
			buildActionMask = 2147483647;
			files = (
				3DA06CCE224031FE00BD07FD /* CodableStoreKit.framework in Frameworks */,
			);
			runOnlyForDeploymentPostprocessing = 0;
		};
		52D6D9781BEFF229002C0205 /* Frameworks */ = {
			isa = PBXFrameworksBuildPhase;
			buildActionMask = 2147483647;
			files = (
			);
			runOnlyForDeploymentPostprocessing = 0;
		};
		52D6D9831BEFF229002C0205 /* Frameworks */ = {
			isa = PBXFrameworksBuildPhase;
			buildActionMask = 2147483647;
			files = (
				52D6D9871BEFF229002C0205 /* CodableStoreKit.framework in Frameworks */,
			);
			runOnlyForDeploymentPostprocessing = 0;
		};
		52D6D9DE1BEFFF6E002C0205 /* Frameworks */ = {
			isa = PBXFrameworksBuildPhase;
			buildActionMask = 2147483647;
			files = (
			);
			runOnlyForDeploymentPostprocessing = 0;
		};
		52D6D9EC1BEFFFBE002C0205 /* Frameworks */ = {
			isa = PBXFrameworksBuildPhase;
			buildActionMask = 2147483647;
			files = (
			);
			runOnlyForDeploymentPostprocessing = 0;
		};
		52D6DA0B1BF000BD002C0205 /* Frameworks */ = {
			isa = PBXFrameworksBuildPhase;
			buildActionMask = 2147483647;
			files = (
			);
			runOnlyForDeploymentPostprocessing = 0;
		};
		DD7502771C68FCFC006590AF /* Frameworks */ = {
			isa = PBXFrameworksBuildPhase;
			buildActionMask = 2147483647;
			files = (
				DD7502881C68FEDE006590AF /* CodableStoreKit.framework in Frameworks */,
			);
			runOnlyForDeploymentPostprocessing = 0;
		};
		DD75028A1C690C7A006590AF /* Frameworks */ = {
			isa = PBXFrameworksBuildPhase;
			buildActionMask = 2147483647;
			files = (
				DD7502921C690C7A006590AF /* CodableStoreKit.framework in Frameworks */,
			);
			runOnlyForDeploymentPostprocessing = 0;
		};
/* End PBXFrameworksBuildPhase section */

/* Begin PBXGroup section */
		3D0DEA582240B6EC0011A2E5 /* InMemory */ = {
			isa = PBXGroup;
			children = (
				3DA06CAD22402CA400BD07FD /* InMemoryCodableStoreEngine.swift */,
			);
			path = InMemory;
			sourceTree = "<group>";
		};
		3D0DEA622240CFBC0011A2E5 /* Resources */ = {
			isa = PBXGroup;
			children = (
				3DA06CC5224031F300BD07FD /* Assets.xcassets */,
				3DA06CC7224031F300BD07FD /* LaunchScreen.storyboard */,
				3DA06CCA224031F300BD07FD /* Info.plist */,
			);
			path = Resources;
			sourceTree = "<group>";
		};
		3D0DEA642240D1B60011A2E5 /* Observable */ = {
			isa = PBXGroup;
			children = (
				3D0DEA652240D1C90011A2E5 /* ObservableCodableStoreProtocol.swift */,
				3D0DEA742240D5AC0011A2E5 /* ObservableCodableStore.swift */,
				3D0DEA6A2240D4920011A2E5 /* CodableStoreObservedChange.swift */,
				3D0DEA6F2240D4A20011A2E5 /* CodableStoreSubscription.swift */,
				3D0DEA792240D7870011A2E5 /* CodableStoreSubscriptionBag.swift */,
			);
			path = Observable;
			sourceTree = "<group>";
		};
		3D0DEA7E2240DD0D0011A2E5 /* Extensions */ = {
			isa = PBXGroup;
			children = (
				3D0DEA7F2240DD180011A2E5 /* Locked.swift */,
				3D0DEA95224104E70011A2E5 /* CodableStorable+Identifier.swift */,
			);
			path = Extensions;
			sourceTree = "<group>";
		};
		3D0DEA8D2240F7F10011A2E5 /* Controllers */ = {
			isa = PBXGroup;
			children = (
				3D0DEA8E2240F7FD0011A2E5 /* CodableStoreViewController.swift */,
			);
			path = Controllers;
			sourceTree = "<group>";
		};
		3DA06C8122401D9000BD07FD /* Storeable */ = {
			isa = PBXGroup;
			children = (
				3DA06C7722401CEF00BD07FD /* CodableStoreable.swift */,
				3DA06C7C22401D2A00BD07FD /* StringRepresentable.swift */,
			);
			path = Storeable;
			sourceTree = "<group>";
		};
		3DA06C8222401E7D00BD07FD /* Store */ = {
			isa = PBXGroup;
			children = (
				3DA06C8E224022B300BD07FD /* CodableStore.swift */,
				3DA06CD82240338C00BD07FD /* Saveable */,
				3DA06CD92240339500BD07FD /* Deletable */,
				3DA06CDA2240339E00BD07FD /* Readable */,
				3D0DEA642240D1B60011A2E5 /* Observable */,
			);
			path = Store;
			sourceTree = "<group>";
		};
		3DA06C8822401EE100BD07FD /* Engine */ = {
			isa = PBXGroup;
			children = (
				3DA06C8922401EEB00BD07FD /* CodableStoreEngine.swift */,
				3DA06CD3224032AE00BD07FD /* CodableStoreEngineError.swift */,
				3D0DEA582240B6EC0011A2E5 /* InMemory */,
				3DA06CEF224039EC00BD07FD /* FileManager */,
			);
			path = Engine;
			sourceTree = "<group>";
		};
		3DA06CAC22402B2500BD07FD /* StoreContainer */ = {
			isa = PBXGroup;
			children = (
				3DA06C8322401E8800BD07FD /* CodableStoreContainer.swift */,
			);
			path = StoreContainer;
			sourceTree = "<group>";
		};
		3DA06CB22240303300BD07FD /* StoreManager */ = {
			isa = PBXGroup;
			children = (
				3DA06CB32240304200BD07FD /* CodableStoreManager.swift */,
			);
			path = StoreManager;
			sourceTree = "<group>";
		};
		3DA06CBD224031F200BD07FD /* Example */ = {
			isa = PBXGroup;
			children = (
				3DA06CBE224031F200BD07FD /* AppDelegate.swift */,
				3DA06CC0224031F200BD07FD /* ViewController.swift */,
				3D0DEA93224100080011A2E5 /* User.swift */,
				3D0DEA622240CFBC0011A2E5 /* Resources */,
			);
			path = Example;
			sourceTree = "<group>";
		};
		3DA06CD82240338C00BD07FD /* Saveable */ = {
			isa = PBXGroup;
			children = (
				3DA06C98224024BF00BD07FD /* SaveableCodableStoreProtocol.swift */,
				3DA06CE5224035C500BD07FD /* SaveableCodableStore.swift */,
			);
			path = Saveable;
			sourceTree = "<group>";
		};
		3DA06CD92240339500BD07FD /* Deletable */ = {
			isa = PBXGroup;
			children = (
				3DA06C9D224024DB00BD07FD /* DeletableCodableStoreProtocol.swift */,
				3DA06CE02240352F00BD07FD /* DeletableCodableStore.swift */,
			);
			path = Deletable;
			sourceTree = "<group>";
		};
		3DA06CDA2240339E00BD07FD /* Readable */ = {
			isa = PBXGroup;
			children = (
				3DA06CA2224024F500BD07FD /* ReadableCodableStoreProtocol.swift */,
				3DA06CDB224033CA00BD07FD /* ReadableCodableStore.swift */,
			);
			path = Readable;
			sourceTree = "<group>";
		};
		3DA06CEF224039EC00BD07FD /* FileManager */ = {
			isa = PBXGroup;
			children = (
				3DA06CEA224038E600BD07FD /* FileManagerCodableStoreEngine.swift */,
				3DA06CF0224039FD00BD07FD /* FileManagerCodableStoreEngineCoder.swift */,
			);
			path = FileManager;
			sourceTree = "<group>";
		};
		52D6D9721BEFF229002C0205 = {
			isa = PBXGroup;
			children = (
				8933C7811EB5B7E0000D00A4 /* Sources */,
				8933C7831EB5B7EB000D00A4 /* Tests */,
				52D6D99C1BEFF38C002C0205 /* Configs */,
				3DA06CBD224031F200BD07FD /* Example */,
				52D6D97D1BEFF229002C0205 /* Products */,
			);
			sourceTree = "<group>";
		};
		52D6D97D1BEFF229002C0205 /* Products */ = {
			isa = PBXGroup;
			children = (
				52D6D97C1BEFF229002C0205 /* CodableStoreKit.framework */,
				52D6D9861BEFF229002C0205 /* CodableStoreKit-iOS Tests.xctest */,
				52D6D9E21BEFFF6E002C0205 /* CodableStoreKit.framework */,
				52D6D9F01BEFFFBE002C0205 /* CodableStoreKit.framework */,
				52D6DA0F1BF000BD002C0205 /* CodableStoreKit.framework */,
				DD75027A1C68FCFC006590AF /* CodableStoreKit-macOS Tests.xctest */,
				DD75028D1C690C7A006590AF /* CodableStoreKit-tvOS Tests.xctest */,
				3DA06CBC224031F200BD07FD /* Example.app */,
			);
			name = Products;
			sourceTree = "<group>";
		};
		52D6D99C1BEFF38C002C0205 /* Configs */ = {
			isa = PBXGroup;
			children = (
				DD7502721C68FC1B006590AF /* Frameworks */,
				DD7502731C68FC20006590AF /* Tests */,
				3D0DEA5B2240CEE20011A2E5 /* .gitignore */,
				3D0DEA632240D0410011A2E5 /* Fastfile */,
				3D0DEA602240CEE20011A2E5 /* .codeclimate.yml */,
				3D0DEA5E2240CEE20011A2E5 /* .jazzy.yaml */,
				3D0DEA5D2240CEE20011A2E5 /* .swift-version */,
				3D0DEA592240CEE10011A2E5 /* .swiftlint.yml */,
				3D0DEA612240CEE20011A2E5 /* CodableStoreKit.podspec */,
				3D0DEA5C2240CEE20011A2E5 /* LICENSE */,
				3D0DEA5A2240CEE20011A2E5 /* Package.swift */,
				3D0DEA5F2240CEE20011A2E5 /* README.md */,
			);
			path = Configs;
			sourceTree = "<group>";
		};
		8933C7811EB5B7E0000D00A4 /* Sources */ = {
			isa = PBXGroup;
			children = (
				3DA06C8122401D9000BD07FD /* Storeable */,
				3DA06CAC22402B2500BD07FD /* StoreContainer */,
				3DA06CB22240303300BD07FD /* StoreManager */,
				3DA06C8222401E7D00BD07FD /* Store */,
				3DA06C8822401EE100BD07FD /* Engine */,
				3D0DEA8D2240F7F10011A2E5 /* Controllers */,
				3D0DEA7E2240DD0D0011A2E5 /* Extensions */,
			);
			path = Sources;
			sourceTree = "<group>";
		};
		8933C7831EB5B7EB000D00A4 /* Tests */ = {
			isa = PBXGroup;
			children = (
				8933C7891EB5B82A000D00A4 /* CodableStoreKitTests.swift */,
			);
			name = Tests;
			path = Tests/CodableStoreKitTests;
			sourceTree = "<group>";
		};
		DD7502721C68FC1B006590AF /* Frameworks */ = {
			isa = PBXGroup;
			children = (
				AD2FAA261CD0B6D800659CF4 /* CodableStoreKit.plist */,
			);
			name = Frameworks;
			sourceTree = "<group>";
		};
		DD7502731C68FC20006590AF /* Tests */ = {
			isa = PBXGroup;
			children = (
				AD2FAA281CD0B6E100659CF4 /* CodableStoreKitTests.plist */,
			);
			name = Tests;
			sourceTree = "<group>";
		};
/* End PBXGroup section */

/* Begin PBXHeadersBuildPhase section */
		52D6D9791BEFF229002C0205 /* Headers */ = {
			isa = PBXHeadersBuildPhase;
			buildActionMask = 2147483647;
			files = (
			);
			runOnlyForDeploymentPostprocessing = 0;
		};
		52D6D9DF1BEFFF6E002C0205 /* Headers */ = {
			isa = PBXHeadersBuildPhase;
			buildActionMask = 2147483647;
			files = (
			);
			runOnlyForDeploymentPostprocessing = 0;
		};
		52D6D9ED1BEFFFBE002C0205 /* Headers */ = {
			isa = PBXHeadersBuildPhase;
			buildActionMask = 2147483647;
			files = (
			);
			runOnlyForDeploymentPostprocessing = 0;
		};
		52D6DA0C1BF000BD002C0205 /* Headers */ = {
			isa = PBXHeadersBuildPhase;
			buildActionMask = 2147483647;
			files = (
			);
			runOnlyForDeploymentPostprocessing = 0;
		};
/* End PBXHeadersBuildPhase section */

/* Begin PBXNativeTarget section */
		3DA06CBB224031F200BD07FD /* Example */ = {
			isa = PBXNativeTarget;
			buildConfigurationList = 3DA06CCB224031F300BD07FD /* Build configuration list for PBXNativeTarget "Example" */;
			buildPhases = (
				3DA06CB8224031F200BD07FD /* Sources */,
				3DA06CB9224031F200BD07FD /* Frameworks */,
				3DA06CBA224031F200BD07FD /* Resources */,
				3DA06CD2224031FF00BD07FD /* Embed Frameworks */,
			);
			buildRules = (
			);
			dependencies = (
				3DA06CD1224031FE00BD07FD /* PBXTargetDependency */,
			);
			name = Example;
			productName = Example;
			productReference = 3DA06CBC224031F200BD07FD /* Example.app */;
			productType = "com.apple.product-type.application";
		};
		52D6D97B1BEFF229002C0205 /* CodableStoreKit-iOS */ = {
			isa = PBXNativeTarget;
			buildConfigurationList = 52D6D9901BEFF229002C0205 /* Build configuration list for PBXNativeTarget "CodableStoreKit-iOS" */;
			buildPhases = (
				52D6D9771BEFF229002C0205 /* Sources */,
				52D6D9781BEFF229002C0205 /* Frameworks */,
				52D6D9791BEFF229002C0205 /* Headers */,
				52D6D97A1BEFF229002C0205 /* Resources */,
				3D0DEA842240F1370011A2E5 /* Run SwiftLint */,
			);
			buildRules = (
			);
			dependencies = (
			);
			name = "CodableStoreKit-iOS";
			productName = CodableStoreKit;
			productReference = 52D6D97C1BEFF229002C0205 /* CodableStoreKit.framework */;
			productType = "com.apple.product-type.framework";
		};
		52D6D9851BEFF229002C0205 /* CodableStoreKit-iOS Tests */ = {
			isa = PBXNativeTarget;
			buildConfigurationList = 52D6D9931BEFF229002C0205 /* Build configuration list for PBXNativeTarget "CodableStoreKit-iOS Tests" */;
			buildPhases = (
				52D6D9821BEFF229002C0205 /* Sources */,
				52D6D9831BEFF229002C0205 /* Frameworks */,
				52D6D9841BEFF229002C0205 /* Resources */,
			);
			buildRules = (
			);
			dependencies = (
				52D6D9891BEFF229002C0205 /* PBXTargetDependency */,
			);
			name = "CodableStoreKit-iOS Tests";
			productName = CodableStoreKitTests;
			productReference = 52D6D9861BEFF229002C0205 /* CodableStoreKit-iOS Tests.xctest */;
			productType = "com.apple.product-type.bundle.unit-test";
		};
		52D6D9E11BEFFF6E002C0205 /* CodableStoreKit-watchOS */ = {
			isa = PBXNativeTarget;
			buildConfigurationList = 52D6D9E71BEFFF6E002C0205 /* Build configuration list for PBXNativeTarget "CodableStoreKit-watchOS" */;
			buildPhases = (
				52D6D9DD1BEFFF6E002C0205 /* Sources */,
				52D6D9DE1BEFFF6E002C0205 /* Frameworks */,
				52D6D9DF1BEFFF6E002C0205 /* Headers */,
				52D6D9E01BEFFF6E002C0205 /* Resources */,
				3D0DEA862240F14C0011A2E5 /* Run SwiftLint */,
			);
			buildRules = (
			);
			dependencies = (
			);
			name = "CodableStoreKit-watchOS";
			productName = "CodableStoreKit-watchOS";
			productReference = 52D6D9E21BEFFF6E002C0205 /* CodableStoreKit.framework */;
			productType = "com.apple.product-type.framework";
		};
		52D6D9EF1BEFFFBE002C0205 /* CodableStoreKit-tvOS */ = {
			isa = PBXNativeTarget;
			buildConfigurationList = 52D6DA011BEFFFBE002C0205 /* Build configuration list for PBXNativeTarget "CodableStoreKit-tvOS" */;
			buildPhases = (
				52D6D9EB1BEFFFBE002C0205 /* Sources */,
				52D6D9EC1BEFFFBE002C0205 /* Frameworks */,
				52D6D9ED1BEFFFBE002C0205 /* Headers */,
				52D6D9EE1BEFFFBE002C0205 /* Resources */,
				3D0DEA872240F1570011A2E5 /* Run SwiftLint */,
			);
			buildRules = (
			);
			dependencies = (
			);
			name = "CodableStoreKit-tvOS";
			productName = "CodableStoreKit-tvOS";
			productReference = 52D6D9F01BEFFFBE002C0205 /* CodableStoreKit.framework */;
			productType = "com.apple.product-type.framework";
		};
		52D6DA0E1BF000BD002C0205 /* CodableStoreKit-macOS */ = {
			isa = PBXNativeTarget;
			buildConfigurationList = 52D6DA201BF000BD002C0205 /* Build configuration list for PBXNativeTarget "CodableStoreKit-macOS" */;
			buildPhases = (
				52D6DA0A1BF000BD002C0205 /* Sources */,
				52D6DA0B1BF000BD002C0205 /* Frameworks */,
				52D6DA0C1BF000BD002C0205 /* Headers */,
				52D6DA0D1BF000BD002C0205 /* Resources */,
				3D0DEA852240F1440011A2E5 /* Run SwiftLint */,
			);
			buildRules = (
			);
			dependencies = (
			);
			name = "CodableStoreKit-macOS";
			productName = "CodableStoreKit-macOS";
			productReference = 52D6DA0F1BF000BD002C0205 /* CodableStoreKit.framework */;
			productType = "com.apple.product-type.framework";
		};
		DD7502791C68FCFC006590AF /* CodableStoreKit-macOS Tests */ = {
			isa = PBXNativeTarget;
			buildConfigurationList = DD7502821C68FCFC006590AF /* Build configuration list for PBXNativeTarget "CodableStoreKit-macOS Tests" */;
			buildPhases = (
				DD7502761C68FCFC006590AF /* Sources */,
				DD7502771C68FCFC006590AF /* Frameworks */,
				DD7502781C68FCFC006590AF /* Resources */,
			);
			buildRules = (
			);
			dependencies = (
				DD7502811C68FCFC006590AF /* PBXTargetDependency */,
			);
			name = "CodableStoreKit-macOS Tests";
			productName = "CodableStoreKit-OS Tests";
			productReference = DD75027A1C68FCFC006590AF /* CodableStoreKit-macOS Tests.xctest */;
			productType = "com.apple.product-type.bundle.unit-test";
		};
		DD75028C1C690C7A006590AF /* CodableStoreKit-tvOS Tests */ = {
			isa = PBXNativeTarget;
			buildConfigurationList = DD7502951C690C7A006590AF /* Build configuration list for PBXNativeTarget "CodableStoreKit-tvOS Tests" */;
			buildPhases = (
				DD7502891C690C7A006590AF /* Sources */,
				DD75028A1C690C7A006590AF /* Frameworks */,
				DD75028B1C690C7A006590AF /* Resources */,
			);
			buildRules = (
			);
			dependencies = (
				DD7502941C690C7A006590AF /* PBXTargetDependency */,
			);
			name = "CodableStoreKit-tvOS Tests";
			productName = "CodableStoreKit-tvOS Tests";
			productReference = DD75028D1C690C7A006590AF /* CodableStoreKit-tvOS Tests.xctest */;
			productType = "com.apple.product-type.bundle.unit-test";
		};
/* End PBXNativeTarget section */

/* Begin PBXProject section */
		52D6D9731BEFF229002C0205 /* Project object */ = {
			isa = PBXProject;
			attributes = {
				LastSwiftUpdateCheck = 1010;
				LastUpgradeCheck = 1010;
				ORGANIZATIONNAME = CodableStoreKit;
				TargetAttributes = {
					3DA06CBB224031F200BD07FD = {
						CreatedOnToolsVersion = 10.1;
						ProvisioningStyle = Automatic;
					};
					52D6D97B1BEFF229002C0205 = {
						CreatedOnToolsVersion = 7.1;
						LastSwiftMigration = 0800;
					};
					52D6D9851BEFF229002C0205 = {
						CreatedOnToolsVersion = 7.1;
						LastSwiftMigration = 0800;
					};
					52D6D9E11BEFFF6E002C0205 = {
						CreatedOnToolsVersion = 7.1;
						LastSwiftMigration = 0800;
					};
					52D6D9EF1BEFFFBE002C0205 = {
						CreatedOnToolsVersion = 7.1;
						LastSwiftMigration = 0800;
					};
					52D6DA0E1BF000BD002C0205 = {
						CreatedOnToolsVersion = 7.1;
						LastSwiftMigration = 0800;
					};
					DD7502791C68FCFC006590AF = {
						CreatedOnToolsVersion = 7.2.1;
						LastSwiftMigration = 0800;
					};
					DD75028C1C690C7A006590AF = {
						CreatedOnToolsVersion = 7.2.1;
						LastSwiftMigration = 0800;
					};
				};
			};
			buildConfigurationList = 52D6D9761BEFF229002C0205 /* Build configuration list for PBXProject "CodableStoreKit" */;
			compatibilityVersion = "Xcode 6.3";
			developmentRegion = English;
			hasScannedForEncodings = 0;
			knownRegions = (
				en,
				Base,
			);
			mainGroup = 52D6D9721BEFF229002C0205;
			productRefGroup = 52D6D97D1BEFF229002C0205 /* Products */;
			projectDirPath = "";
			projectRoot = "";
			targets = (
				52D6D97B1BEFF229002C0205 /* CodableStoreKit-iOS */,
				52D6DA0E1BF000BD002C0205 /* CodableStoreKit-macOS */,
				52D6D9E11BEFFF6E002C0205 /* CodableStoreKit-watchOS */,
				52D6D9EF1BEFFFBE002C0205 /* CodableStoreKit-tvOS */,
				52D6D9851BEFF229002C0205 /* CodableStoreKit-iOS Tests */,
				DD7502791C68FCFC006590AF /* CodableStoreKit-macOS Tests */,
				DD75028C1C690C7A006590AF /* CodableStoreKit-tvOS Tests */,
				3DA06CBB224031F200BD07FD /* Example */,
			);
		};
/* End PBXProject section */

/* Begin PBXResourcesBuildPhase section */
		3DA06CBA224031F200BD07FD /* Resources */ = {
			isa = PBXResourcesBuildPhase;
			buildActionMask = 2147483647;
			files = (
				3DA06CC9224031F300BD07FD /* LaunchScreen.storyboard in Resources */,
				3DA06CC6224031F300BD07FD /* Assets.xcassets in Resources */,
			);
			runOnlyForDeploymentPostprocessing = 0;
		};
		52D6D97A1BEFF229002C0205 /* Resources */ = {
			isa = PBXResourcesBuildPhase;
			buildActionMask = 2147483647;
			files = (
			);
			runOnlyForDeploymentPostprocessing = 0;
		};
		52D6D9841BEFF229002C0205 /* Resources */ = {
			isa = PBXResourcesBuildPhase;
			buildActionMask = 2147483647;
			files = (
			);
			runOnlyForDeploymentPostprocessing = 0;
		};
		52D6D9E01BEFFF6E002C0205 /* Resources */ = {
			isa = PBXResourcesBuildPhase;
			buildActionMask = 2147483647;
			files = (
			);
			runOnlyForDeploymentPostprocessing = 0;
		};
		52D6D9EE1BEFFFBE002C0205 /* Resources */ = {
			isa = PBXResourcesBuildPhase;
			buildActionMask = 2147483647;
			files = (
			);
			runOnlyForDeploymentPostprocessing = 0;
		};
		52D6DA0D1BF000BD002C0205 /* Resources */ = {
			isa = PBXResourcesBuildPhase;
			buildActionMask = 2147483647;
			files = (
			);
			runOnlyForDeploymentPostprocessing = 0;
		};
		DD7502781C68FCFC006590AF /* Resources */ = {
			isa = PBXResourcesBuildPhase;
			buildActionMask = 2147483647;
			files = (
			);
			runOnlyForDeploymentPostprocessing = 0;
		};
		DD75028B1C690C7A006590AF /* Resources */ = {
			isa = PBXResourcesBuildPhase;
			buildActionMask = 2147483647;
			files = (
			);
			runOnlyForDeploymentPostprocessing = 0;
		};
/* End PBXResourcesBuildPhase section */

/* Begin PBXShellScriptBuildPhase section */
		3D0DEA842240F1370011A2E5 /* Run SwiftLint */ = {
			isa = PBXShellScriptBuildPhase;
			buildActionMask = 2147483647;
			files = (
			);
			inputFileListPaths = (
			);
			inputPaths = (
			);
			name = "Run SwiftLint";
			outputFileListPaths = (
			);
			outputPaths = (
			);
			runOnlyForDeploymentPostprocessing = 0;
			shellPath = /bin/sh;
			shellScript = "if which swiftlint >/dev/null; then\nswiftlint\nelse\necho \"warning: SwiftLint not installed, download from https://github.com/realm/SwiftLint\"\nfi\n";
		};
		3D0DEA852240F1440011A2E5 /* Run SwiftLint */ = {
			isa = PBXShellScriptBuildPhase;
			buildActionMask = 2147483647;
			files = (
			);
			inputFileListPaths = (
			);
			inputPaths = (
			);
			name = "Run SwiftLint";
			outputFileListPaths = (
			);
			outputPaths = (
			);
			runOnlyForDeploymentPostprocessing = 0;
			shellPath = /bin/sh;
			shellScript = "if which swiftlint >/dev/null; then\nswiftlint\nelse\necho \"warning: SwiftLint not installed, download from https://github.com/realm/SwiftLint\"\nfi\n";
		};
		3D0DEA862240F14C0011A2E5 /* Run SwiftLint */ = {
			isa = PBXShellScriptBuildPhase;
			buildActionMask = 2147483647;
			files = (
			);
			inputFileListPaths = (
			);
			inputPaths = (
			);
			name = "Run SwiftLint";
			outputFileListPaths = (
			);
			outputPaths = (
			);
			runOnlyForDeploymentPostprocessing = 0;
			shellPath = /bin/sh;
			shellScript = "if which swiftlint >/dev/null; then\nswiftlint\nelse\necho \"warning: SwiftLint not installed, download from https://github.com/realm/SwiftLint\"\nfi\n";
		};
		3D0DEA872240F1570011A2E5 /* Run SwiftLint */ = {
			isa = PBXShellScriptBuildPhase;
			buildActionMask = 2147483647;
			files = (
			);
			inputFileListPaths = (
			);
			inputPaths = (
			);
			name = "Run SwiftLint";
			outputFileListPaths = (
			);
			outputPaths = (
			);
			runOnlyForDeploymentPostprocessing = 0;
			shellPath = /bin/sh;
			shellScript = "if which swiftlint >/dev/null; then\nswiftlint\nelse\necho \"warning: SwiftLint not installed, download from https://github.com/realm/SwiftLint\"\nfi\n";
		};
/* End PBXShellScriptBuildPhase section */

/* Begin PBXSourcesBuildPhase section */
		3DA06CB8224031F200BD07FD /* Sources */ = {
			isa = PBXSourcesBuildPhase;
			buildActionMask = 2147483647;
			files = (
				3DA06CC1224031F200BD07FD /* ViewController.swift in Sources */,
				3DA06CBF224031F200BD07FD /* AppDelegate.swift in Sources */,
				3D0DEA94224100080011A2E5 /* User.swift in Sources */,
			);
			runOnlyForDeploymentPostprocessing = 0;
		};
		52D6D9771BEFF229002C0205 /* Sources */ = {
			isa = PBXSourcesBuildPhase;
			buildActionMask = 2147483647;
			files = (
				3DA06CDC224033CA00BD07FD /* ReadableCodableStore.swift in Sources */,
				3DA06CEB224038E600BD07FD /* FileManagerCodableStoreEngine.swift in Sources */,
				3DA06CE12240352F00BD07FD /* DeletableCodableStore.swift in Sources */,
				3D0DEA752240D5AC0011A2E5 /* ObservableCodableStore.swift in Sources */,
				3D0DEA7A2240D7870011A2E5 /* CodableStoreSubscriptionBag.swift in Sources */,
				3DA06CAE22402CA400BD07FD /* InMemoryCodableStoreEngine.swift in Sources */,
				3DA06CE6224035C500BD07FD /* SaveableCodableStore.swift in Sources */,
				3DA06C8A22401EEB00BD07FD /* CodableStoreEngine.swift in Sources */,
				3DA06C7D22401D2A00BD07FD /* StringRepresentable.swift in Sources */,
				3DA06C99224024BF00BD07FD /* SaveableCodableStoreProtocol.swift in Sources */,
				3DA06CF1224039FD00BD07FD /* FileManagerCodableStoreEngineCoder.swift in Sources */,
				3DA06C8F224022B300BD07FD /* CodableStore.swift in Sources */,
				3D0DEA662240D1C90011A2E5 /* ObservableCodableStoreProtocol.swift in Sources */,
				3DA06C8422401E8800BD07FD /* CodableStoreContainer.swift in Sources */,
				3DA06CA3224024F500BD07FD /* ReadableCodableStoreProtocol.swift in Sources */,
				3D0DEA802240DD180011A2E5 /* Locked.swift in Sources */,
				3DA06C7822401CEF00BD07FD /* CodableStoreable.swift in Sources */,
				3DA06CB42240304200BD07FD /* CodableStoreManager.swift in Sources */,
				3D0DEA702240D4A20011A2E5 /* CodableStoreSubscription.swift in Sources */,
				3DA06C9E224024DB00BD07FD /* DeletableCodableStoreProtocol.swift in Sources */,
				3D0DEA6B2240D4920011A2E5 /* CodableStoreObservedChange.swift in Sources */,
				3DA06CD4224032AE00BD07FD /* CodableStoreEngineError.swift in Sources */,
				3D0DEA96224104E70011A2E5 /* CodableStorable+Identifier.swift in Sources */,
				3D0DEA8F2240F7FD0011A2E5 /* CodableStoreViewController.swift in Sources */,
			);
			runOnlyForDeploymentPostprocessing = 0;
		};
		52D6D9821BEFF229002C0205 /* Sources */ = {
			isa = PBXSourcesBuildPhase;
			buildActionMask = 2147483647;
			files = (
				8933C7901EB5B82D000D00A4 /* CodableStoreKitTests.swift in Sources */,
			);
			runOnlyForDeploymentPostprocessing = 0;
		};
		52D6D9DD1BEFFF6E002C0205 /* Sources */ = {
			isa = PBXSourcesBuildPhase;
			buildActionMask = 2147483647;
			files = (
				3DA06CDE224033CA00BD07FD /* ReadableCodableStore.swift in Sources */,
				3DA06CED224038E600BD07FD /* FileManagerCodableStoreEngine.swift in Sources */,
				3DA06CE32240352F00BD07FD /* DeletableCodableStore.swift in Sources */,
				3D0DEA772240D5AC0011A2E5 /* ObservableCodableStore.swift in Sources */,
				3D0DEA7C2240D7870011A2E5 /* CodableStoreSubscriptionBag.swift in Sources */,
				3DA06CB022402CA400BD07FD /* InMemoryCodableStoreEngine.swift in Sources */,
				3DA06CE8224035C500BD07FD /* SaveableCodableStore.swift in Sources */,
				3DA06C8C22401EEB00BD07FD /* CodableStoreEngine.swift in Sources */,
				3DA06C7F22401D2B00BD07FD /* StringRepresentable.swift in Sources */,
				3DA06C9B224024BF00BD07FD /* SaveableCodableStoreProtocol.swift in Sources */,
				3DA06CF3224039FD00BD07FD /* FileManagerCodableStoreEngineCoder.swift in Sources */,
				3DA06C91224022B300BD07FD /* CodableStore.swift in Sources */,
				3D0DEA682240D1C90011A2E5 /* ObservableCodableStoreProtocol.swift in Sources */,
				3DA06C8622401E8800BD07FD /* CodableStoreContainer.swift in Sources */,
				3DA06CA5224024F500BD07FD /* ReadableCodableStoreProtocol.swift in Sources */,
				3D0DEA822240DD180011A2E5 /* Locked.swift in Sources */,
				3DA06C7A22401CEF00BD07FD /* CodableStoreable.swift in Sources */,
				3DA06CB62240304200BD07FD /* CodableStoreManager.swift in Sources */,
				3D0DEA722240D4A20011A2E5 /* CodableStoreSubscription.swift in Sources */,
				3DA06CA0224024DB00BD07FD /* DeletableCodableStoreProtocol.swift in Sources */,
				3D0DEA6D2240D4920011A2E5 /* CodableStoreObservedChange.swift in Sources */,
				3DA06CD6224032AE00BD07FD /* CodableStoreEngineError.swift in Sources */,
				3D0DEA98224104E70011A2E5 /* CodableStorable+Identifier.swift in Sources */,
				3D0DEA912240F7FD0011A2E5 /* CodableStoreViewController.swift in Sources */,
			);
			runOnlyForDeploymentPostprocessing = 0;
		};
		52D6D9EB1BEFFFBE002C0205 /* Sources */ = {
			isa = PBXSourcesBuildPhase;
			buildActionMask = 2147483647;
			files = (
				3DA06CDF224033CA00BD07FD /* ReadableCodableStore.swift in Sources */,
				3DA06CEE224038E600BD07FD /* FileManagerCodableStoreEngine.swift in Sources */,
				3DA06CE42240352F00BD07FD /* DeletableCodableStore.swift in Sources */,
				3D0DEA782240D5AC0011A2E5 /* ObservableCodableStore.swift in Sources */,
				3D0DEA7D2240D7870011A2E5 /* CodableStoreSubscriptionBag.swift in Sources */,
				3DA06CB122402CA400BD07FD /* InMemoryCodableStoreEngine.swift in Sources */,
				3DA06CE9224035C500BD07FD /* SaveableCodableStore.swift in Sources */,
				3DA06C8D22401EEB00BD07FD /* CodableStoreEngine.swift in Sources */,
				3DA06C8022401D2B00BD07FD /* StringRepresentable.swift in Sources */,
				3DA06C9C224024BF00BD07FD /* SaveableCodableStoreProtocol.swift in Sources */,
				3DA06CF4224039FD00BD07FD /* FileManagerCodableStoreEngineCoder.swift in Sources */,
				3DA06C92224022B300BD07FD /* CodableStore.swift in Sources */,
				3D0DEA692240D1C90011A2E5 /* ObservableCodableStoreProtocol.swift in Sources */,
				3DA06C8722401E8800BD07FD /* CodableStoreContainer.swift in Sources */,
				3DA06CA6224024F500BD07FD /* ReadableCodableStoreProtocol.swift in Sources */,
				3D0DEA832240DD180011A2E5 /* Locked.swift in Sources */,
				3DA06C7B22401CEF00BD07FD /* CodableStoreable.swift in Sources */,
				3DA06CB72240304200BD07FD /* CodableStoreManager.swift in Sources */,
				3D0DEA732240D4A20011A2E5 /* CodableStoreSubscription.swift in Sources */,
				3DA06CA1224024DB00BD07FD /* DeletableCodableStoreProtocol.swift in Sources */,
				3D0DEA6E2240D4920011A2E5 /* CodableStoreObservedChange.swift in Sources */,
				3DA06CD7224032AE00BD07FD /* CodableStoreEngineError.swift in Sources */,
				3D0DEA99224104E70011A2E5 /* CodableStorable+Identifier.swift in Sources */,
				3D0DEA922240F7FD0011A2E5 /* CodableStoreViewController.swift in Sources */,
			);
			runOnlyForDeploymentPostprocessing = 0;
		};
		52D6DA0A1BF000BD002C0205 /* Sources */ = {
			isa = PBXSourcesBuildPhase;
			buildActionMask = 2147483647;
			files = (
				3DA06CDD224033CA00BD07FD /* ReadableCodableStore.swift in Sources */,
				3DA06CEC224038E600BD07FD /* FileManagerCodableStoreEngine.swift in Sources */,
				3DA06CE22240352F00BD07FD /* DeletableCodableStore.swift in Sources */,
				3D0DEA762240D5AC0011A2E5 /* ObservableCodableStore.swift in Sources */,
				3D0DEA7B2240D7870011A2E5 /* CodableStoreSubscriptionBag.swift in Sources */,
				3DA06CAF22402CA400BD07FD /* InMemoryCodableStoreEngine.swift in Sources */,
				3DA06CE7224035C500BD07FD /* SaveableCodableStore.swift in Sources */,
				3DA06C8B22401EEB00BD07FD /* CodableStoreEngine.swift in Sources */,
				3DA06C7E22401D2B00BD07FD /* StringRepresentable.swift in Sources */,
				3DA06C9A224024BF00BD07FD /* SaveableCodableStoreProtocol.swift in Sources */,
				3DA06CF2224039FD00BD07FD /* FileManagerCodableStoreEngineCoder.swift in Sources */,
				3DA06C90224022B300BD07FD /* CodableStore.swift in Sources */,
				3D0DEA672240D1C90011A2E5 /* ObservableCodableStoreProtocol.swift in Sources */,
				3DA06C8522401E8800BD07FD /* CodableStoreContainer.swift in Sources */,
				3DA06CA4224024F500BD07FD /* ReadableCodableStoreProtocol.swift in Sources */,
				3D0DEA812240DD180011A2E5 /* Locked.swift in Sources */,
				3DA06C7922401CEF00BD07FD /* CodableStoreable.swift in Sources */,
				3DA06CB52240304200BD07FD /* CodableStoreManager.swift in Sources */,
				3D0DEA712240D4A20011A2E5 /* CodableStoreSubscription.swift in Sources */,
				3DA06C9F224024DB00BD07FD /* DeletableCodableStoreProtocol.swift in Sources */,
				3D0DEA6C2240D4920011A2E5 /* CodableStoreObservedChange.swift in Sources */,
				3DA06CD5224032AE00BD07FD /* CodableStoreEngineError.swift in Sources */,
				3D0DEA97224104E70011A2E5 /* CodableStorable+Identifier.swift in Sources */,
				3D0DEA902240F7FD0011A2E5 /* CodableStoreViewController.swift in Sources */,
			);
			runOnlyForDeploymentPostprocessing = 0;
		};
		DD7502761C68FCFC006590AF /* Sources */ = {
			isa = PBXSourcesBuildPhase;
			buildActionMask = 2147483647;
			files = (
				8933C78F1EB5B82C000D00A4 /* CodableStoreKitTests.swift in Sources */,
			);
			runOnlyForDeploymentPostprocessing = 0;
		};
		DD7502891C690C7A006590AF /* Sources */ = {
			isa = PBXSourcesBuildPhase;
			buildActionMask = 2147483647;
			files = (
				8933C78E1EB5B82C000D00A4 /* CodableStoreKitTests.swift in Sources */,
			);
			runOnlyForDeploymentPostprocessing = 0;
		};
/* End PBXSourcesBuildPhase section */

/* Begin PBXTargetDependency section */
		3DA06CD1224031FE00BD07FD /* PBXTargetDependency */ = {
			isa = PBXTargetDependency;
			target = 52D6D97B1BEFF229002C0205 /* CodableStoreKit-iOS */;
			targetProxy = 3DA06CD0224031FE00BD07FD /* PBXContainerItemProxy */;
		};
		52D6D9891BEFF229002C0205 /* PBXTargetDependency */ = {
			isa = PBXTargetDependency;
			target = 52D6D97B1BEFF229002C0205 /* CodableStoreKit-iOS */;
			targetProxy = 52D6D9881BEFF229002C0205 /* PBXContainerItemProxy */;
		};
		DD7502811C68FCFC006590AF /* PBXTargetDependency */ = {
			isa = PBXTargetDependency;
			target = 52D6DA0E1BF000BD002C0205 /* CodableStoreKit-macOS */;
			targetProxy = DD7502801C68FCFC006590AF /* PBXContainerItemProxy */;
		};
		DD7502941C690C7A006590AF /* PBXTargetDependency */ = {
			isa = PBXTargetDependency;
			target = 52D6D9EF1BEFFFBE002C0205 /* CodableStoreKit-tvOS */;
			targetProxy = DD7502931C690C7A006590AF /* PBXContainerItemProxy */;
		};
/* End PBXTargetDependency section */

/* Begin PBXVariantGroup section */
		3DA06CC7224031F300BD07FD /* LaunchScreen.storyboard */ = {
			isa = PBXVariantGroup;
			children = (
				3DA06CC8224031F300BD07FD /* Base */,
			);
			name = LaunchScreen.storyboard;
			sourceTree = "<group>";
		};
/* End PBXVariantGroup section */

/* Begin XCBuildConfiguration section */
		3DA06CCC224031F300BD07FD /* Debug */ = {
			isa = XCBuildConfiguration;
			buildSettings = {
				ALWAYS_EMBED_SWIFT_STANDARD_LIBRARIES = YES;
				ASSETCATALOG_COMPILER_APPICON_NAME = AppIcon;
				CLANG_ANALYZER_NONNULL = YES;
				CLANG_ANALYZER_NUMBER_OBJECT_CONVERSION = YES_AGGRESSIVE;
				CLANG_CXX_LANGUAGE_STANDARD = "gnu++14";
				CLANG_ENABLE_OBJC_WEAK = YES;
				CLANG_WARN_DOCUMENTATION_COMMENTS = YES;
				CLANG_WARN_UNGUARDED_AVAILABILITY = YES_AGGRESSIVE;
				CODE_SIGN_IDENTITY = "iPhone Developer";
				CODE_SIGN_STYLE = Automatic;
				GCC_C_LANGUAGE_STANDARD = gnu11;
				INFOPLIST_FILE = "$(SRCROOT)/Example/Resources/Info.plist";
				IPHONEOS_DEPLOYMENT_TARGET = 12.1;
				LD_RUNPATH_SEARCH_PATHS = "$(inherited) @executable_path/Frameworks";
				MTL_ENABLE_DEBUG_INFO = INCLUDE_SOURCE;
				MTL_FAST_MATH = YES;
				PRODUCT_BUNDLE_IDENTIFIER = "de.tiigi.CodableStoreKit-iOS.Example";
				PRODUCT_NAME = "$(TARGET_NAME)";
				SWIFT_ACTIVE_COMPILATION_CONDITIONS = DEBUG;
				SWIFT_VERSION = 4.2;
				TARGETED_DEVICE_FAMILY = "1,2";
			};
			name = Debug;
		};
		3DA06CCD224031F300BD07FD /* Release */ = {
			isa = XCBuildConfiguration;
			buildSettings = {
				ALWAYS_EMBED_SWIFT_STANDARD_LIBRARIES = YES;
				ASSETCATALOG_COMPILER_APPICON_NAME = AppIcon;
				CLANG_ANALYZER_NONNULL = YES;
				CLANG_ANALYZER_NUMBER_OBJECT_CONVERSION = YES_AGGRESSIVE;
				CLANG_CXX_LANGUAGE_STANDARD = "gnu++14";
				CLANG_ENABLE_OBJC_WEAK = YES;
				CLANG_WARN_DOCUMENTATION_COMMENTS = YES;
				CLANG_WARN_UNGUARDED_AVAILABILITY = YES_AGGRESSIVE;
				CODE_SIGN_IDENTITY = "iPhone Developer";
				CODE_SIGN_STYLE = Automatic;
				GCC_C_LANGUAGE_STANDARD = gnu11;
				INFOPLIST_FILE = "$(SRCROOT)/Example/Resources/Info.plist";
				IPHONEOS_DEPLOYMENT_TARGET = 12.1;
				LD_RUNPATH_SEARCH_PATHS = "$(inherited) @executable_path/Frameworks";
				MTL_FAST_MATH = YES;
				PRODUCT_BUNDLE_IDENTIFIER = "de.tiigi.CodableStoreKit-iOS.Example";
				PRODUCT_NAME = "$(TARGET_NAME)";
				SWIFT_OPTIMIZATION_LEVEL = "-Owholemodule";
				SWIFT_VERSION = 4.2;
				TARGETED_DEVICE_FAMILY = "1,2";
			};
			name = Release;
		};
		52D6D98E1BEFF229002C0205 /* Debug */ = {
			isa = XCBuildConfiguration;
			buildSettings = {
				ALWAYS_SEARCH_USER_PATHS = NO;
				CLANG_CXX_LANGUAGE_STANDARD = "gnu++0x";
				CLANG_CXX_LIBRARY = "libc++";
				CLANG_ENABLE_MODULES = YES;
				CLANG_ENABLE_OBJC_ARC = YES;
				CLANG_WARN_BLOCK_CAPTURE_AUTORELEASING = YES;
				CLANG_WARN_BOOL_CONVERSION = YES;
				CLANG_WARN_COMMA = YES;
				CLANG_WARN_CONSTANT_CONVERSION = YES;
				CLANG_WARN_DEPRECATED_OBJC_IMPLEMENTATIONS = YES;
				CLANG_WARN_DIRECT_OBJC_ISA_USAGE = YES_ERROR;
				CLANG_WARN_EMPTY_BODY = YES;
				CLANG_WARN_ENUM_CONVERSION = YES;
				CLANG_WARN_INFINITE_RECURSION = YES;
				CLANG_WARN_INT_CONVERSION = YES;
				CLANG_WARN_NON_LITERAL_NULL_CONVERSION = YES;
				CLANG_WARN_OBJC_IMPLICIT_RETAIN_SELF = YES;
				CLANG_WARN_OBJC_LITERAL_CONVERSION = YES;
				CLANG_WARN_OBJC_ROOT_CLASS = YES_ERROR;
				CLANG_WARN_RANGE_LOOP_ANALYSIS = YES;
				CLANG_WARN_STRICT_PROTOTYPES = YES;
				CLANG_WARN_SUSPICIOUS_MOVE = YES;
				CLANG_WARN_UNREACHABLE_CODE = YES;
				CLANG_WARN__DUPLICATE_METHOD_MATCH = YES;
				"CODE_SIGN_IDENTITY[sdk=iphoneos*]" = "iPhone Developer";
				COPY_PHASE_STRIP = NO;
				CURRENT_PROJECT_VERSION = 1;
				DEBUG_INFORMATION_FORMAT = dwarf;
				ENABLE_STRICT_OBJC_MSGSEND = YES;
				ENABLE_TESTABILITY = YES;
				GCC_C_LANGUAGE_STANDARD = gnu99;
				GCC_DYNAMIC_NO_PIC = NO;
				GCC_NO_COMMON_BLOCKS = YES;
				GCC_OPTIMIZATION_LEVEL = 0;
				GCC_PREPROCESSOR_DEFINITIONS = (
					"DEBUG=1",
					"$(inherited)",
				);
				GCC_WARN_64_TO_32_BIT_CONVERSION = YES;
				GCC_WARN_ABOUT_RETURN_TYPE = YES_ERROR;
				GCC_WARN_UNDECLARED_SELECTOR = YES;
				GCC_WARN_UNINITIALIZED_AUTOS = YES_AGGRESSIVE;
				GCC_WARN_UNUSED_FUNCTION = YES;
				GCC_WARN_UNUSED_VARIABLE = YES;
				IPHONEOS_DEPLOYMENT_TARGET = 10.0;
				MACOSX_DEPLOYMENT_TARGET = 10.12;
				MTL_ENABLE_DEBUG_INFO = YES;
				ONLY_ACTIVE_ARCH = YES;
				SDKROOT = iphoneos;
				SWIFT_OPTIMIZATION_LEVEL = "-Onone";
				SWIFT_VERSION = 4.0;
				TARGETED_DEVICE_FAMILY = "1,2";
				VERSIONING_SYSTEM = "apple-generic";
				VERSION_INFO_PREFIX = "";
			};
			name = Debug;
		};
		52D6D98F1BEFF229002C0205 /* Release */ = {
			isa = XCBuildConfiguration;
			buildSettings = {
				ALWAYS_SEARCH_USER_PATHS = NO;
				CLANG_CXX_LANGUAGE_STANDARD = "gnu++0x";
				CLANG_CXX_LIBRARY = "libc++";
				CLANG_ENABLE_MODULES = YES;
				CLANG_ENABLE_OBJC_ARC = YES;
				CLANG_WARN_BLOCK_CAPTURE_AUTORELEASING = YES;
				CLANG_WARN_BOOL_CONVERSION = YES;
				CLANG_WARN_COMMA = YES;
				CLANG_WARN_CONSTANT_CONVERSION = YES;
				CLANG_WARN_DEPRECATED_OBJC_IMPLEMENTATIONS = YES;
				CLANG_WARN_DIRECT_OBJC_ISA_USAGE = YES_ERROR;
				CLANG_WARN_EMPTY_BODY = YES;
				CLANG_WARN_ENUM_CONVERSION = YES;
				CLANG_WARN_INFINITE_RECURSION = YES;
				CLANG_WARN_INT_CONVERSION = YES;
				CLANG_WARN_NON_LITERAL_NULL_CONVERSION = YES;
				CLANG_WARN_OBJC_IMPLICIT_RETAIN_SELF = YES;
				CLANG_WARN_OBJC_LITERAL_CONVERSION = YES;
				CLANG_WARN_OBJC_ROOT_CLASS = YES_ERROR;
				CLANG_WARN_RANGE_LOOP_ANALYSIS = YES;
				CLANG_WARN_STRICT_PROTOTYPES = YES;
				CLANG_WARN_SUSPICIOUS_MOVE = YES;
				CLANG_WARN_UNREACHABLE_CODE = YES;
				CLANG_WARN__DUPLICATE_METHOD_MATCH = YES;
				"CODE_SIGN_IDENTITY[sdk=iphoneos*]" = "iPhone Developer";
				COPY_PHASE_STRIP = NO;
				CURRENT_PROJECT_VERSION = 1;
				DEBUG_INFORMATION_FORMAT = "dwarf-with-dsym";
				ENABLE_NS_ASSERTIONS = NO;
				ENABLE_STRICT_OBJC_MSGSEND = YES;
				GCC_C_LANGUAGE_STANDARD = gnu99;
				GCC_NO_COMMON_BLOCKS = YES;
				GCC_WARN_64_TO_32_BIT_CONVERSION = YES;
				GCC_WARN_ABOUT_RETURN_TYPE = YES_ERROR;
				GCC_WARN_UNDECLARED_SELECTOR = YES;
				GCC_WARN_UNINITIALIZED_AUTOS = YES_AGGRESSIVE;
				GCC_WARN_UNUSED_FUNCTION = YES;
				GCC_WARN_UNUSED_VARIABLE = YES;
				IPHONEOS_DEPLOYMENT_TARGET = 10.0;
				MACOSX_DEPLOYMENT_TARGET = 10.12;
				MTL_ENABLE_DEBUG_INFO = NO;
				SDKROOT = iphoneos;
				SWIFT_VERSION = 4.0;
				TARGETED_DEVICE_FAMILY = "1,2";
				VALIDATE_PRODUCT = YES;
				VERSIONING_SYSTEM = "apple-generic";
				VERSION_INFO_PREFIX = "";
			};
			name = Release;
		};
		52D6D9911BEFF229002C0205 /* Debug */ = {
			isa = XCBuildConfiguration;
			buildSettings = {
				APPLICATION_EXTENSION_API_ONLY = YES;
				CLANG_ENABLE_MODULES = YES;
				CODE_SIGN_IDENTITY = "iPhone Developer";
				"CODE_SIGN_IDENTITY[sdk=iphoneos*]" = "";
				DEFINES_MODULE = YES;
				DYLIB_COMPATIBILITY_VERSION = 1;
				DYLIB_CURRENT_VERSION = 1;
				DYLIB_INSTALL_NAME_BASE = "@rpath";
				INFOPLIST_FILE = Configs/CodableStoreKit.plist;
				INSTALL_PATH = "$(LOCAL_LIBRARY_DIR)/Frameworks";
				IPHONEOS_DEPLOYMENT_TARGET = 10.0;
				LD_RUNPATH_SEARCH_PATHS = "$(inherited) @executable_path/Frameworks @loader_path/Frameworks";
				ONLY_ACTIVE_ARCH = NO;
				PRODUCT_BUNDLE_IDENTIFIER = "com.CodableStoreKit.CodableStoreKit-iOS";
				PRODUCT_NAME = CodableStoreKit;
				SKIP_INSTALL = YES;
				SWIFT_OPTIMIZATION_LEVEL = "-Onone";
				SWIFT_VERSION = 4.2;
			};
			name = Debug;
		};
		52D6D9921BEFF229002C0205 /* Release */ = {
			isa = XCBuildConfiguration;
			buildSettings = {
				APPLICATION_EXTENSION_API_ONLY = YES;
				CLANG_ENABLE_MODULES = YES;
				CODE_SIGN_IDENTITY = "iPhone Developer";
				"CODE_SIGN_IDENTITY[sdk=iphoneos*]" = "";
				DEFINES_MODULE = YES;
				DYLIB_COMPATIBILITY_VERSION = 1;
				DYLIB_CURRENT_VERSION = 1;
				DYLIB_INSTALL_NAME_BASE = "@rpath";
				INFOPLIST_FILE = Configs/CodableStoreKit.plist;
				INSTALL_PATH = "$(LOCAL_LIBRARY_DIR)/Frameworks";
				IPHONEOS_DEPLOYMENT_TARGET = 10.0;
				LD_RUNPATH_SEARCH_PATHS = "$(inherited) @executable_path/Frameworks @loader_path/Frameworks";
				PRODUCT_BUNDLE_IDENTIFIER = "com.CodableStoreKit.CodableStoreKit-iOS";
				PRODUCT_NAME = CodableStoreKit;
				SKIP_INSTALL = YES;
				SWIFT_OPTIMIZATION_LEVEL = "-Owholemodule";
				SWIFT_VERSION = 4.2;
			};
			name = Release;
		};
		52D6D9941BEFF229002C0205 /* Debug */ = {
			isa = XCBuildConfiguration;
			buildSettings = {
				CLANG_ENABLE_MODULES = YES;
				INFOPLIST_FILE = Configs/CodableStoreKitTests.plist;
				LD_RUNPATH_SEARCH_PATHS = "$(inherited) @executable_path/Frameworks @loader_path/Frameworks";
				PRODUCT_BUNDLE_IDENTIFIER = "com.CodableStoreKit.CodableStoreKit-iOS-Tests";
				PRODUCT_NAME = "$(TARGET_NAME)";
				SWIFT_OPTIMIZATION_LEVEL = "-Onone";
				SWIFT_VERSION = 4.2;
			};
			name = Debug;
		};
		52D6D9951BEFF229002C0205 /* Release */ = {
			isa = XCBuildConfiguration;
			buildSettings = {
				CLANG_ENABLE_MODULES = YES;
				INFOPLIST_FILE = Configs/CodableStoreKitTests.plist;
				LD_RUNPATH_SEARCH_PATHS = "$(inherited) @executable_path/Frameworks @loader_path/Frameworks";
				PRODUCT_BUNDLE_IDENTIFIER = "com.CodableStoreKit.CodableStoreKit-iOS-Tests";
				PRODUCT_NAME = "$(TARGET_NAME)";
				SWIFT_OPTIMIZATION_LEVEL = "-Owholemodule";
				SWIFT_VERSION = 4.2;
			};
			name = Release;
		};
		52D6D9E81BEFFF6E002C0205 /* Debug */ = {
			isa = XCBuildConfiguration;
			buildSettings = {
				APPLICATION_EXTENSION_API_ONLY = YES;
				"CODE_SIGN_IDENTITY[sdk=watchos*]" = "";
				DEFINES_MODULE = YES;
				DYLIB_COMPATIBILITY_VERSION = 1;
				DYLIB_CURRENT_VERSION = 1;
				DYLIB_INSTALL_NAME_BASE = "@rpath";
				INFOPLIST_FILE = Configs/CodableStoreKit.plist;
				INSTALL_PATH = "$(LOCAL_LIBRARY_DIR)/Frameworks";
				LD_RUNPATH_SEARCH_PATHS = "$(inherited) @executable_path/Frameworks @loader_path/Frameworks";
				PRODUCT_BUNDLE_IDENTIFIER = "com.CodableStoreKit.CodableStoreKit-watchOS";
				PRODUCT_NAME = CodableStoreKit;
				SDKROOT = watchos;
				SKIP_INSTALL = YES;
				SWIFT_VERSION = 4.2;
				TARGETED_DEVICE_FAMILY = 4;
				WATCHOS_DEPLOYMENT_TARGET = 3.0;
			};
			name = Debug;
		};
		52D6D9E91BEFFF6E002C0205 /* Release */ = {
			isa = XCBuildConfiguration;
			buildSettings = {
				APPLICATION_EXTENSION_API_ONLY = YES;
				"CODE_SIGN_IDENTITY[sdk=watchos*]" = "";
				DEFINES_MODULE = YES;
				DYLIB_COMPATIBILITY_VERSION = 1;
				DYLIB_CURRENT_VERSION = 1;
				DYLIB_INSTALL_NAME_BASE = "@rpath";
				INFOPLIST_FILE = Configs/CodableStoreKit.plist;
				INSTALL_PATH = "$(LOCAL_LIBRARY_DIR)/Frameworks";
				LD_RUNPATH_SEARCH_PATHS = "$(inherited) @executable_path/Frameworks @loader_path/Frameworks";
				PRODUCT_BUNDLE_IDENTIFIER = "com.CodableStoreKit.CodableStoreKit-watchOS";
				PRODUCT_NAME = CodableStoreKit;
				SDKROOT = watchos;
				SKIP_INSTALL = YES;
				SWIFT_OPTIMIZATION_LEVEL = "-Owholemodule";
				SWIFT_VERSION = 4.2;
				TARGETED_DEVICE_FAMILY = 4;
				WATCHOS_DEPLOYMENT_TARGET = 3.0;
			};
			name = Release;
		};
		52D6DA021BEFFFBE002C0205 /* Debug */ = {
			isa = XCBuildConfiguration;
			buildSettings = {
				APPLICATION_EXTENSION_API_ONLY = YES;
				"CODE_SIGN_IDENTITY[sdk=appletvos*]" = "";
				DEFINES_MODULE = YES;
				DYLIB_COMPATIBILITY_VERSION = 1;
				DYLIB_CURRENT_VERSION = 1;
				DYLIB_INSTALL_NAME_BASE = "@rpath";
				INFOPLIST_FILE = Configs/CodableStoreKit.plist;
				INSTALL_PATH = "$(LOCAL_LIBRARY_DIR)/Frameworks";
				LD_RUNPATH_SEARCH_PATHS = "$(inherited) @executable_path/Frameworks @loader_path/Frameworks";
				PRODUCT_BUNDLE_IDENTIFIER = "com.CodableStoreKit.CodableStoreKit-tvOS";
				PRODUCT_NAME = CodableStoreKit;
				SDKROOT = appletvos;
				SKIP_INSTALL = YES;
				SWIFT_VERSION = 4.2;
				TARGETED_DEVICE_FAMILY = 3;
				TVOS_DEPLOYMENT_TARGET = 10.0;
			};
			name = Debug;
		};
		52D6DA031BEFFFBE002C0205 /* Release */ = {
			isa = XCBuildConfiguration;
			buildSettings = {
				APPLICATION_EXTENSION_API_ONLY = YES;
				"CODE_SIGN_IDENTITY[sdk=appletvos*]" = "";
				DEFINES_MODULE = YES;
				DYLIB_COMPATIBILITY_VERSION = 1;
				DYLIB_CURRENT_VERSION = 1;
				DYLIB_INSTALL_NAME_BASE = "@rpath";
				INFOPLIST_FILE = Configs/CodableStoreKit.plist;
				INSTALL_PATH = "$(LOCAL_LIBRARY_DIR)/Frameworks";
				LD_RUNPATH_SEARCH_PATHS = "$(inherited) @executable_path/Frameworks @loader_path/Frameworks";
				PRODUCT_BUNDLE_IDENTIFIER = "com.CodableStoreKit.CodableStoreKit-tvOS";
				PRODUCT_NAME = CodableStoreKit;
				SDKROOT = appletvos;
				SKIP_INSTALL = YES;
				SWIFT_OPTIMIZATION_LEVEL = "-Owholemodule";
				SWIFT_VERSION = 4.2;
				TARGETED_DEVICE_FAMILY = 3;
				TVOS_DEPLOYMENT_TARGET = 10.0;
			};
			name = Release;
		};
		52D6DA211BF000BD002C0205 /* Debug */ = {
			isa = XCBuildConfiguration;
			buildSettings = {
				APPLICATION_EXTENSION_API_ONLY = YES;
				CODE_SIGN_IDENTITY = "-";
				COMBINE_HIDPI_IMAGES = YES;
				DEFINES_MODULE = YES;
				DYLIB_COMPATIBILITY_VERSION = 1;
				DYLIB_CURRENT_VERSION = 1;
				DYLIB_INSTALL_NAME_BASE = "@rpath";
				FRAMEWORK_VERSION = A;
				INFOPLIST_FILE = Configs/CodableStoreKit.plist;
				INSTALL_PATH = "$(LOCAL_LIBRARY_DIR)/Frameworks";
				LD_RUNPATH_SEARCH_PATHS = "$(inherited) @executable_path/../Frameworks @loader_path/Frameworks";
				MACOSX_DEPLOYMENT_TARGET = 10.12;
				PRODUCT_BUNDLE_IDENTIFIER = "com.CodableStoreKit.CodableStoreKit-macOS";
				PRODUCT_NAME = CodableStoreKit;
				SDKROOT = macosx;
				SKIP_INSTALL = YES;
				SWIFT_VERSION = 4.2;
			};
			name = Debug;
		};
		52D6DA221BF000BD002C0205 /* Release */ = {
			isa = XCBuildConfiguration;
			buildSettings = {
				APPLICATION_EXTENSION_API_ONLY = YES;
				CODE_SIGN_IDENTITY = "-";
				COMBINE_HIDPI_IMAGES = YES;
				DEFINES_MODULE = YES;
				DYLIB_COMPATIBILITY_VERSION = 1;
				DYLIB_CURRENT_VERSION = 1;
				DYLIB_INSTALL_NAME_BASE = "@rpath";
				FRAMEWORK_VERSION = A;
				INFOPLIST_FILE = Configs/CodableStoreKit.plist;
				INSTALL_PATH = "$(LOCAL_LIBRARY_DIR)/Frameworks";
				LD_RUNPATH_SEARCH_PATHS = "$(inherited) @executable_path/../Frameworks @loader_path/Frameworks";
				MACOSX_DEPLOYMENT_TARGET = 10.12;
				PRODUCT_BUNDLE_IDENTIFIER = "com.CodableStoreKit.CodableStoreKit-macOS";
				PRODUCT_NAME = CodableStoreKit;
				SDKROOT = macosx;
				SKIP_INSTALL = YES;
				SWIFT_OPTIMIZATION_LEVEL = "-Owholemodule";
				SWIFT_VERSION = 4.2;
			};
			name = Release;
		};
		DD7502831C68FCFC006590AF /* Debug */ = {
			isa = XCBuildConfiguration;
			buildSettings = {
				CODE_SIGN_IDENTITY = "-";
				COMBINE_HIDPI_IMAGES = YES;
				INFOPLIST_FILE = Configs/CodableStoreKitTests.plist;
				LD_RUNPATH_SEARCH_PATHS = "$(inherited) @executable_path/../Frameworks @loader_path/../Frameworks";
				MACOSX_DEPLOYMENT_TARGET = 10.11;
				PRODUCT_BUNDLE_IDENTIFIER = "com.CodableStoreKit.CodableStoreKit-macOS-Tests";
				PRODUCT_NAME = "$(TARGET_NAME)";
				SDKROOT = macosx;
				SWIFT_VERSION = 4.2;
			};
			name = Debug;
		};
		DD7502841C68FCFC006590AF /* Release */ = {
			isa = XCBuildConfiguration;
			buildSettings = {
				CODE_SIGN_IDENTITY = "-";
				COMBINE_HIDPI_IMAGES = YES;
				INFOPLIST_FILE = Configs/CodableStoreKitTests.plist;
				LD_RUNPATH_SEARCH_PATHS = "$(inherited) @executable_path/../Frameworks @loader_path/../Frameworks";
				MACOSX_DEPLOYMENT_TARGET = 10.11;
				PRODUCT_BUNDLE_IDENTIFIER = "com.CodableStoreKit.CodableStoreKit-macOS-Tests";
				PRODUCT_NAME = "$(TARGET_NAME)";
				SDKROOT = macosx;
				SWIFT_OPTIMIZATION_LEVEL = "-Owholemodule";
				SWIFT_VERSION = 4.2;
			};
			name = Release;
		};
		DD7502961C690C7A006590AF /* Debug */ = {
			isa = XCBuildConfiguration;
			buildSettings = {
				INFOPLIST_FILE = Configs/CodableStoreKitTests.plist;
				LD_RUNPATH_SEARCH_PATHS = "$(inherited) @executable_path/Frameworks @loader_path/Frameworks";
				PRODUCT_BUNDLE_IDENTIFIER = "com.CodableStoreKit.CodableStoreKit-tvOS-Tests";
				PRODUCT_NAME = "$(TARGET_NAME)";
				SDKROOT = appletvos;
				SWIFT_VERSION = 4.2;
				TVOS_DEPLOYMENT_TARGET = 9.1;
			};
			name = Debug;
		};
		DD7502971C690C7A006590AF /* Release */ = {
			isa = XCBuildConfiguration;
			buildSettings = {
				INFOPLIST_FILE = Configs/CodableStoreKitTests.plist;
				LD_RUNPATH_SEARCH_PATHS = "$(inherited) @executable_path/Frameworks @loader_path/Frameworks";
				PRODUCT_BUNDLE_IDENTIFIER = "com.CodableStoreKit.CodableStoreKit-tvOS-Tests";
				PRODUCT_NAME = "$(TARGET_NAME)";
				SDKROOT = appletvos;
				SWIFT_OPTIMIZATION_LEVEL = "-Owholemodule";
				SWIFT_VERSION = 4.2;
				TVOS_DEPLOYMENT_TARGET = 9.1;
			};
			name = Release;
		};
/* End XCBuildConfiguration section */

/* Begin XCConfigurationList section */
		3DA06CCB224031F300BD07FD /* Build configuration list for PBXNativeTarget "Example" */ = {
			isa = XCConfigurationList;
			buildConfigurations = (
				3DA06CCC224031F300BD07FD /* Debug */,
				3DA06CCD224031F300BD07FD /* Release */,
			);
			defaultConfigurationIsVisible = 0;
			defaultConfigurationName = Release;
		};
		52D6D9761BEFF229002C0205 /* Build configuration list for PBXProject "CodableStoreKit" */ = {
			isa = XCConfigurationList;
			buildConfigurations = (
				52D6D98E1BEFF229002C0205 /* Debug */,
				52D6D98F1BEFF229002C0205 /* Release */,
			);
			defaultConfigurationIsVisible = 0;
			defaultConfigurationName = Release;
		};
		52D6D9901BEFF229002C0205 /* Build configuration list for PBXNativeTarget "CodableStoreKit-iOS" */ = {
			isa = XCConfigurationList;
			buildConfigurations = (
				52D6D9911BEFF229002C0205 /* Debug */,
				52D6D9921BEFF229002C0205 /* Release */,
			);
			defaultConfigurationIsVisible = 0;
			defaultConfigurationName = Release;
		};
		52D6D9931BEFF229002C0205 /* Build configuration list for PBXNativeTarget "CodableStoreKit-iOS Tests" */ = {
			isa = XCConfigurationList;
			buildConfigurations = (
				52D6D9941BEFF229002C0205 /* Debug */,
				52D6D9951BEFF229002C0205 /* Release */,
			);
			defaultConfigurationIsVisible = 0;
			defaultConfigurationName = Release;
		};
		52D6D9E71BEFFF6E002C0205 /* Build configuration list for PBXNativeTarget "CodableStoreKit-watchOS" */ = {
			isa = XCConfigurationList;
			buildConfigurations = (
				52D6D9E81BEFFF6E002C0205 /* Debug */,
				52D6D9E91BEFFF6E002C0205 /* Release */,
			);
			defaultConfigurationIsVisible = 0;
			defaultConfigurationName = Release;
		};
		52D6DA011BEFFFBE002C0205 /* Build configuration list for PBXNativeTarget "CodableStoreKit-tvOS" */ = {
			isa = XCConfigurationList;
			buildConfigurations = (
				52D6DA021BEFFFBE002C0205 /* Debug */,
				52D6DA031BEFFFBE002C0205 /* Release */,
			);
			defaultConfigurationIsVisible = 0;
			defaultConfigurationName = Release;
		};
		52D6DA201BF000BD002C0205 /* Build configuration list for PBXNativeTarget "CodableStoreKit-macOS" */ = {
			isa = XCConfigurationList;
			buildConfigurations = (
				52D6DA211BF000BD002C0205 /* Debug */,
				52D6DA221BF000BD002C0205 /* Release */,
			);
			defaultConfigurationIsVisible = 0;
			defaultConfigurationName = Release;
		};
		DD7502821C68FCFC006590AF /* Build configuration list for PBXNativeTarget "CodableStoreKit-macOS Tests" */ = {
			isa = XCConfigurationList;
			buildConfigurations = (
				DD7502831C68FCFC006590AF /* Debug */,
				DD7502841C68FCFC006590AF /* Release */,
			);
			defaultConfigurationIsVisible = 0;
			defaultConfigurationName = Release;
		};
		DD7502951C690C7A006590AF /* Build configuration list for PBXNativeTarget "CodableStoreKit-tvOS Tests" */ = {
			isa = XCConfigurationList;
			buildConfigurations = (
				DD7502961C690C7A006590AF /* Debug */,
				DD7502971C690C7A006590AF /* Release */,
			);
			defaultConfigurationIsVisible = 0;
			defaultConfigurationName = Release;
		};
/* End XCConfigurationList section */
	};
	rootObject = 52D6D9731BEFF229002C0205 /* Project object */;
}
